PODS:
  - Alamofire (4.2.0)
  - Bolts (1.8.4):
    - Bolts/AppLinks (= 1.8.4)
    - Bolts/Tasks (= 1.8.4)
  - Bolts/AppLinks (1.8.4):
    - Bolts/Tasks
  - Bolts/Tasks (1.8.4)
  - Braintree (4.7.3):
    - Braintree/Card (= 4.7.3)
    - Braintree/Core (= 4.7.3)
    - Braintree/PayPal (= 4.7.3)
    - Braintree/UI (= 4.7.3)
  - Braintree/Apple-Pay (4.7.3):
    - Braintree/Core
  - Braintree/Card (4.7.3):
    - Braintree/Core
  - Braintree/Core (4.7.3)
  - Braintree/PayPal (4.7.3):
    - Braintree/Core
    - Braintree/PayPalOneTouch
  - Braintree/PayPalDataCollector (4.7.3):
    - Braintree/Core
    - Braintree/PayPalUtils
  - Braintree/PayPalOneTouch (4.7.3):
    - Braintree/Core
    - Braintree/PayPalDataCollector
    - Braintree/PayPalUtils
  - Braintree/PayPalUtils (4.7.3)
  - Braintree/UI (4.7.3):
    - Braintree/Card
    - Braintree/Core
  - CountdownLabel (1.2.0)
  - FBSDKCoreKit (4.18.0):
    - Bolts (~> 1.7)
  - FBSDKLoginKit (4.18.0):
    - FBSDKCoreKit
  - JGProgressHUD (1.4)
  - Parse (1.14.2):
    - Bolts/Tasks (~> 1.8)
  - ParseFacebookUtilsV4 (1.11.1):
    - Bolts/Tasks (>= 1.6)
    - FBSDKCoreKit (~> 4.10)
    - FBSDKLoginKit (~> 4.10)
    - FBSDKTVOSKit (~> 4.10)
    - Parse (~> 1.12)
  - SMCalloutView (2.1.5)
  - SnapKit (3.0.2)
  - SWRevealViewController (2.4.0)

DEPENDENCIES:
  - Alamofire
  - Braintree
  - Braintree/Apple-Pay
  - CountdownLabel
  - FBSDKCoreKit (from `https://github.com/facebook/facebook-ios-sdk.git`)
  - FBSDKLoginKit (from `https://github.com/facebook/facebook-ios-sdk.git`)
  - JGProgressHUD (from `https://github.com/JonasGessner/JGProgressHUD.git`)
  - Parse (from `https://github.com/ParsePlatform/Parse-SDK-iOS-OSX.git`)
  - ParseFacebookUtilsV4 (from `https://github.com/ParsePlatform/ParseFacebookUtils-iOS.git`)
  - SMCalloutView (from `https://github.com/nfarina/calloutview.git`, branch `master`)
  - SnapKit (~> 3.0.2)
  - SWRevealViewController (from `https://github.com/John-Lluch/SWRevealViewController.git`, branch `master`)

EXTERNAL SOURCES:
  FBSDKCoreKit:
    :git: https://github.com/facebook/facebook-ios-sdk.git
  FBSDKLoginKit:
    :git: https://github.com/facebook/facebook-ios-sdk.git
  JGProgressHUD:
    :git: https://github.com/JonasGessner/JGProgressHUD.git
  Parse:
    :git: https://github.com/ParsePlatform/Parse-SDK-iOS-OSX.git
  ParseFacebookUtilsV4:
    :git: https://github.com/ParsePlatform/ParseFacebookUtils-iOS.git
  SMCalloutView:
    :branch: master
    :git: https://github.com/nfarina/calloutview.git
  SWRevealViewController:
    :branch: master
    :git: https://github.com/John-Lluch/SWRevealViewController.git

CHECKOUT OPTIONS:
  FBSDKCoreKit:
    :commit: f7531a838a1ec3308721f335e801ac9f508feee4
    :git: https://github.com/facebook/facebook-ios-sdk.git
  FBSDKLoginKit:
    :commit: f7531a838a1ec3308721f335e801ac9f508feee4
    :git: https://github.com/facebook/facebook-ios-sdk.git
  JGProgressHUD:
    :commit: bba544e8601679efda06dbfedcf2dc7f627bf3ef
    :git: https://github.com/JonasGessner/JGProgressHUD.git
  Parse:
    :commit: 7a820b75c6726808475af9ce705053ff0e8cbd11
    :git: https://github.com/ParsePlatform/Parse-SDK-iOS-OSX.git
  ParseFacebookUtilsV4:
    :commit: 0d8e7febb43f9ca2320a3ca82a4602fb53b4e59d
    :git: https://github.com/ParsePlatform/ParseFacebookUtils-iOS.git
  SMCalloutView:
    :commit: d6ecaba377c9f963aef630faf86e3b8f8cdb88d1
    :git: https://github.com/nfarina/calloutview.git
  SWRevealViewController:
    :commit: bb4a110989d67a5fc5f5c533cacc92f6cb02f5e2
    :git: https://github.com/John-Lluch/SWRevealViewController.git

SPEC CHECKSUMS:
  Alamofire: aa2e09d871c9160ac53c90e83c68064a94e3dfbe
  Bolts: 8a7995239dbe724f9cba2248b766d48b7ebdd322
  Braintree: 3eee856da5d30357a55439283b4bb3dbaddcaa7c
  CountdownLabel: 7dcc9bb2c8f488af7a4d29053f41c014ea0b973d
  FBSDKCoreKit: 15fef8804a4629f98c6f4e55e81a76c9d725d85e
  FBSDKLoginKit: 6773073e970b2b15fb12e451ce7f11da0532b880
  JGProgressHUD: 1617b0940cf80bb53e8f7d6f0fd69252ea45d6d4
  Parse: 4335d65f40cb3d43190d723144bbe1afb9c38230
  ParseFacebookUtilsV4: 2f30c2b7021c8005d3042781da7ef87d06589421
  SMCalloutView: 5c0ee363dc8e7204b2fda17dfad38c93e9e23481
  SnapKit: 2e456761aa92d4d4067a7a5594c18769d451a8ad
  SWRevealViewController: b653f339865208c97be99a24876545f5be0cc4bb

PODFILE CHECKSUM: 709c45226620b683684c0c66880960eb9655ac47

COCOAPODS: 1.0.1
