PODS:
  - Alamofire (3.5.0)
  - Bolts (1.8.4):
    - Bolts/AppLinks (= 1.8.4)
    - Bolts/Tasks (= 1.8.4)
  - Bolts/AppLinks (1.8.4):
    - Bolts/Tasks
  - Bolts/Tasks (1.8.4)
  - FBSDKCoreKit (4.16.0):
    - Bolts (~> 1.7)
  - FBSDKLoginKit (4.16.0):
    - FBSDKCoreKit
  - JGProgressHUD (1.4)
  - LambdaKit (0.0.1)
  - Parse (1.14.2):
    - Bolts/Tasks (~> 1.8)
  - ParseFacebookUtilsV4 (1.11.1):
    - Bolts/Tasks (>= 1.6)
    - FBSDKCoreKit (~> 4.10)
    - FBSDKLoginKit (~> 4.10)
    - FBSDKTVOSKit (~> 4.10)
    - Parse (~> 1.12)
  - SMCalloutView (2.1.5)
  - SnapKit (0.22.0)
  - SWRevealViewController (2.4.0)

DEPENDENCIES:
  - Alamofire (~> 3.5.0)
  - FBSDKCoreKit (from `https://github.com/facebook/facebook-ios-sdk.git`)
  - FBSDKLoginKit (from `https://github.com/facebook/facebook-ios-sdk.git`)
  - JGProgressHUD (from `https://github.com/JonasGessner/JGProgressHUD.git`)
  - LambdaKit
  - Parse (from `https://github.com/ParsePlatform/Parse-SDK-iOS-OSX.git`)
  - ParseFacebookUtilsV4 (from `https://github.com/ParsePlatform/ParseFacebookUtils-iOS.git`)
  - SMCalloutView (from `https://github.com/nfarina/calloutview.git`, branch `master`)
  - SnapKit (~> 0.22.0)
  - SWRevealViewController (from `https://github.com/John-Lluch/SWRevealViewController.git`, branch `master`)

EXTERNAL SOURCES:
  FBSDKCoreKit:
    :git: https://github.com/facebook/facebook-ios-sdk.git
  FBSDKLoginKit:
    :git: https://github.com/facebook/facebook-ios-sdk.git
  JGProgressHUD:
    :git: https://github.com/JonasGessner/JGProgressHUD.git
  Parse:
    :git: https://github.com/ParsePlatform/Parse-SDK-iOS-OSX.git
  ParseFacebookUtilsV4:
    :git: https://github.com/ParsePlatform/ParseFacebookUtils-iOS.git
  SMCalloutView:
    :branch: master
    :git: https://github.com/nfarina/calloutview.git
  SWRevealViewController:
    :branch: master
    :git: https://github.com/John-Lluch/SWRevealViewController.git

CHECKOUT OPTIONS:
  FBSDKCoreKit:
    :commit: 31797f4dd1977f44441ce0753e7788857119a765
    :git: https://github.com/facebook/facebook-ios-sdk.git
  FBSDKLoginKit:
    :commit: 31797f4dd1977f44441ce0753e7788857119a765
    :git: https://github.com/facebook/facebook-ios-sdk.git
  JGProgressHUD:
    :commit: eda194e17b0f59dfa05227e90caba84b7ffa165d
    :git: https://github.com/JonasGessner/JGProgressHUD.git
  Parse:
    :commit: 7a820b75c6726808475af9ce705053ff0e8cbd11
    :git: https://github.com/ParsePlatform/Parse-SDK-iOS-OSX.git
  ParseFacebookUtilsV4:
    :commit: 0d8e7febb43f9ca2320a3ca82a4602fb53b4e59d
    :git: https://github.com/ParsePlatform/ParseFacebookUtils-iOS.git
  SMCalloutView:
    :commit: 2ee6b8110eb738e88a0c38b0cc2507ee2205d67a
    :git: https://github.com/nfarina/calloutview.git
  SWRevealViewController:
    :commit: bb4a110989d67a5fc5f5c533cacc92f6cb02f5e2
    :git: https://github.com/John-Lluch/SWRevealViewController.git

SPEC CHECKSUMS:
  Alamofire: b70a7352335f8ea5babd0a923eb7e8eacc67b877
  Bolts: 8a7995239dbe724f9cba2248b766d48b7ebdd322
  FBSDKCoreKit: 7a6baaed4a2b2a244ba253346713bdbc74df135b
  FBSDKLoginKit: 9a514a55a7d05190f64d4ef09502737588b5b561
  JGProgressHUD: 1617b0940cf80bb53e8f7d6f0fd69252ea45d6d4
  LambdaKit: e13d5a4c8791268a4d00e5b8b9fb68aa7baa4f7d
  Parse: 4335d65f40cb3d43190d723144bbe1afb9c38230
  ParseFacebookUtilsV4: 2f30c2b7021c8005d3042781da7ef87d06589421
  SMCalloutView: 5c0ee363dc8e7204b2fda17dfad38c93e9e23481
  SnapKit: 0dd2fd157330f1ea11fd84da13e6be8a7a22bae0
  SWRevealViewController: b653f339865208c97be99a24876545f5be0cc4bb

PODFILE CHECKSUM: 80fc61e90c14b71b7b0d9345e32097708004258b

COCOAPODS: 1.0.1
