// !$*UTF8*$!
{
	archiveVersion = 1;
	classes = {
	};
	objectVersion = 48;
	objects = {

/* Begin PBXBuildFile section */
		03F4035F9795C83BDD66F610 /* Pods_FhoodTEst.framework in Frameworks */ = {isa = PBXBuildFile; fileRef = 3745469A24823AFA58A2A1B8 /* Pods_FhoodTEst.framework */; };
		84F337A11FE2565C0072DB6C /* AppDelegate.swift in Sources */ = {isa = PBXBuildFile; fileRef = 84F337A01FE2565C0072DB6C /* AppDelegate.swift */; };
		84F337A31FE2565C0072DB6C /* ViewController.swift in Sources */ = {isa = PBXBuildFile; fileRef = 84F337A21FE2565C0072DB6C /* ViewController.swift */; };
		84F337A61FE2565C0072DB6C /* Main.storyboard in Resources */ = {isa = PBXBuildFile; fileRef = 84F337A41FE2565C0072DB6C /* Main.storyboard */; };
		84F337A81FE2565C0072DB6C /* Assets.xcassets in Resources */ = {isa = PBXBuildFile; fileRef = 84F337A71FE2565C0072DB6C /* Assets.xcassets */; };
		84F337AB1FE2565C0072DB6C /* LaunchScreen.storyboard in Resources */ = {isa = PBXBuildFile; fileRef = 84F337A91FE2565C0072DB6C /* LaunchScreen.storyboard */; };
		84F337B41FE2586A0072DB6C /* CBAccount.swift in Sources */ = {isa = PBXBuildFile; fileRef = 84F337B31FE2586A0072DB6C /* CBAccount.swift */; };
		84F337B71FE25FCE0072DB6C /* AppManager.swift in Sources */ = {isa = PBXBuildFile; fileRef = 84F337B61FE25FCE0072DB6C /* AppManager.swift */; };
		84F337BE1FE262430072DB6C /* OAuthUtil.m in Sources */ = {isa = PBXBuildFile; fileRef = 84F337BD1FE262430072DB6C /* OAuthUtil.m */; };
/* End PBXBuildFile section */

/* Begin PBXFileReference section */
		24F2CECA8D619708EFA5AE1A /* Pods-FhoodTEst.release.xcconfig */ = {isa = PBXFileReference; includeInIndex = 1; lastKnownFileType = text.xcconfig; name = "Pods-FhoodTEst.release.xcconfig"; path = "Pods/Target Support Files/Pods-FhoodTEst/Pods-FhoodTEst.release.xcconfig"; sourceTree = "<group>"; };
		3745469A24823AFA58A2A1B8 /* Pods_FhoodTEst.framework */ = {isa = PBXFileReference; explicitFileType = wrapper.framework; includeInIndex = 0; path = Pods_FhoodTEst.framework; sourceTree = BUILT_PRODUCTS_DIR; };
		84F3379D1FE2565C0072DB6C /* FhoodTEst.app */ = {isa = PBXFileReference; explicitFileType = wrapper.application; includeInIndex = 0; path = FhoodTEst.app; sourceTree = BUILT_PRODUCTS_DIR; };
		84F337A01FE2565C0072DB6C /* AppDelegate.swift */ = {isa = PBXFileReference; lastKnownFileType = sourcecode.swift; path = AppDelegate.swift; sourceTree = "<group>"; };
		84F337A21FE2565C0072DB6C /* ViewController.swift */ = {isa = PBXFileReference; lastKnownFileType = sourcecode.swift; path = ViewController.swift; sourceTree = "<group>"; };
		84F337A51FE2565C0072DB6C /* Base */ = {isa = PBXFileReference; lastKnownFileType = file.storyboard; name = Base; path = Base.lproj/Main.storyboard; sourceTree = "<group>"; };
		84F337A71FE2565C0072DB6C /* Assets.xcassets */ = {isa = PBXFileReference; lastKnownFileType = folder.assetcatalog; path = Assets.xcassets; sourceTree = "<group>"; };
		84F337AA1FE2565C0072DB6C /* Base */ = {isa = PBXFileReference; lastKnownFileType = file.storyboard; name = Base; path = Base.lproj/LaunchScreen.storyboard; sourceTree = "<group>"; };
		84F337AC1FE2565C0072DB6C /* Info.plist */ = {isa = PBXFileReference; lastKnownFileType = text.plist.xml; path = Info.plist; sourceTree = "<group>"; };
		84F337B31FE2586A0072DB6C /* CBAccount.swift */ = {isa = PBXFileReference; lastKnownFileType = sourcecode.swift; path = CBAccount.swift; sourceTree = "<group>"; };
		84F337B61FE25FCE0072DB6C /* AppManager.swift */ = {isa = PBXFileReference; lastKnownFileType = sourcecode.swift; path = AppManager.swift; sourceTree = "<group>"; };
		84F337B81FE261390072DB6C /* Bridging-Header.h */ = {isa = PBXFileReference; lastKnownFileType = sourcecode.c.h; path = "Bridging-Header.h"; sourceTree = "<group>"; };
		84F337BC1FE262430072DB6C /* OAuthUtil.h */ = {isa = PBXFileReference; lastKnownFileType = sourcecode.c.h; path = OAuthUtil.h; sourceTree = "<group>"; };
		84F337BD1FE262430072DB6C /* OAuthUtil.m */ = {isa = PBXFileReference; lastKnownFileType = sourcecode.c.objc; path = OAuthUtil.m; sourceTree = "<group>"; };
		9989CFE93D359A51C61F460D /* Pods-FhoodTEst.debug.xcconfig */ = {isa = PBXFileReference; includeInIndex = 1; lastKnownFileType = text.xcconfig; name = "Pods-FhoodTEst.debug.xcconfig"; path = "Pods/Target Support Files/Pods-FhoodTEst/Pods-FhoodTEst.debug.xcconfig"; sourceTree = "<group>"; };
/* End PBXFileReference section */

/* Begin PBXFrameworksBuildPhase section */
		84F3379A1FE2565C0072DB6C /* Frameworks */ = {
			isa = PBXFrameworksBuildPhase;
			buildActionMask = 2147483647;
			files = (
				03F4035F9795C83BDD66F610 /* Pods_FhoodTEst.framework in Frameworks */,
			);
			runOnlyForDeploymentPostprocessing = 0;
		};
/* End PBXFrameworksBuildPhase section */

/* Begin PBXGroup section */
		84F337941FE2565C0072DB6C = {
			isa = PBXGroup;
			children = (
				84F3379F1FE2565C0072DB6C /* FhoodTEst */,
				84F3379E1FE2565C0072DB6C /* Products */,
				913D7B19D349D784E4B065A3 /* Pods */,
				C071A074D06ABA7426CEB31D /* Frameworks */,
			);
			sourceTree = "<group>";
		};
		84F3379E1FE2565C0072DB6C /* Products */ = {
			isa = PBXGroup;
			children = (
				84F3379D1FE2565C0072DB6C /* FhoodTEst.app */,
			);
			name = Products;
			sourceTree = "<group>";
		};
		84F3379F1FE2565C0072DB6C /* FhoodTEst */ = {
			isa = PBXGroup;
			children = (
				84F337B51FE25FBC0072DB6C /* Util */,
				84F337B21FE257BD0072DB6C /* Model */,
				84F337A01FE2565C0072DB6C /* AppDelegate.swift */,
				84F337A21FE2565C0072DB6C /* ViewController.swift */,
				84F337A41FE2565C0072DB6C /* Main.storyboard */,
				84F337A71FE2565C0072DB6C /* Assets.xcassets */,
				84F337A91FE2565C0072DB6C /* LaunchScreen.storyboard */,
				84F337AC1FE2565C0072DB6C /* Info.plist */,
				84F337B81FE261390072DB6C /* Bridging-Header.h */,
			);
			path = FhoodTEst;
			sourceTree = "<group>";
		};
		84F337B21FE257BD0072DB6C /* Model */ = {
			isa = PBXGroup;
			children = (
				84F337B31FE2586A0072DB6C /* CBAccount.swift */,
			);
			path = Model;
			sourceTree = "<group>";
		};
		84F337B51FE25FBC0072DB6C /* Util */ = {
			isa = PBXGroup;
			children = (
				84F337B61FE25FCE0072DB6C /* AppManager.swift */,
				84F337BC1FE262430072DB6C /* OAuthUtil.h */,
				84F337BD1FE262430072DB6C /* OAuthUtil.m */,
			);
			path = Util;
			sourceTree = "<group>";
		};
		913D7B19D349D784E4B065A3 /* Pods */ = {
			isa = PBXGroup;
			children = (
				9989CFE93D359A51C61F460D /* Pods-FhoodTEst.debug.xcconfig */,
				24F2CECA8D619708EFA5AE1A /* Pods-FhoodTEst.release.xcconfig */,
			);
			name = Pods;
			sourceTree = "<group>";
		};
		C071A074D06ABA7426CEB31D /* Frameworks */ = {
			isa = PBXGroup;
			children = (
				3745469A24823AFA58A2A1B8 /* Pods_FhoodTEst.framework */,
			);
			name = Frameworks;
			sourceTree = "<group>";
		};
/* End PBXGroup section */

/* Begin PBXNativeTarget section */
		84F3379C1FE2565C0072DB6C /* FhoodTEst */ = {
			isa = PBXNativeTarget;
			buildConfigurationList = 84F337AF1FE2565C0072DB6C /* Build configuration list for PBXNativeTarget "FhoodTEst" */;
			buildPhases = (
				45C05BDB32CDDEE8F89E6043 /* [CP] Check Pods Manifest.lock */,
				84F337991FE2565C0072DB6C /* Sources */,
				84F3379A1FE2565C0072DB6C /* Frameworks */,
				84F3379B1FE2565C0072DB6C /* Resources */,
				35CD29EB2850E306E70FA970 /* [CP] Embed Pods Frameworks */,
				F9037AA3CDAFF2ADABA4663F /* [CP] Copy Pods Resources */,
			);
			buildRules = (
			);
			dependencies = (
			);
			name = FhoodTEst;
			productName = FhoodTEst;
			productReference = 84F3379D1FE2565C0072DB6C /* FhoodTEst.app */;
			productType = "com.apple.product-type.application";
		};
/* End PBXNativeTarget section */

/* Begin PBXProject section */
		84F337951FE2565C0072DB6C /* Project object */ = {
			isa = PBXProject;
			attributes = {
				LastSwiftUpdateCheck = 0910;
				LastUpgradeCheck = 0910;
				ORGANIZATIONNAME = admin;
				TargetAttributes = {
					84F3379C1FE2565C0072DB6C = {
						CreatedOnToolsVersion = 9.1;
						ProvisioningStyle = Automatic;
					};
				};
			};
			buildConfigurationList = 84F337981FE2565C0072DB6C /* Build configuration list for PBXProject "FhoodTEst" */;
			compatibilityVersion = "Xcode 8.0";
			developmentRegion = en;
			hasScannedForEncodings = 0;
			knownRegions = (
				en,
				Base,
			);
			mainGroup = 84F337941FE2565C0072DB6C;
			productRefGroup = 84F3379E1FE2565C0072DB6C /* Products */;
			projectDirPath = "";
			projectRoot = "";
			targets = (
				84F3379C1FE2565C0072DB6C /* FhoodTEst */,
			);
		};
/* End PBXProject section */

/* Begin PBXResourcesBuildPhase section */
		84F3379B1FE2565C0072DB6C /* Resources */ = {
			isa = PBXResourcesBuildPhase;
			buildActionMask = 2147483647;
			files = (
				84F337AB1FE2565C0072DB6C /* LaunchScreen.storyboard in Resources */,
				84F337A81FE2565C0072DB6C /* Assets.xcassets in Resources */,
				84F337A61FE2565C0072DB6C /* Main.storyboard in Resources */,
			);
			runOnlyForDeploymentPostprocessing = 0;
		};
/* End PBXResourcesBuildPhase section */

/* Begin PBXShellScriptBuildPhase section */
		35CD29EB2850E306E70FA970 /* [CP] Embed Pods Frameworks */ = {
			isa = PBXShellScriptBuildPhase;
			buildActionMask = 2147483647;
			files = (
			);
			inputPaths = (
				"${SRCROOT}/Pods/Target Support Files/Pods-FhoodTEst/Pods-FhoodTEst-frameworks.sh",
				"${BUILT_PRODUCTS_DIR}/Alamofire/Alamofire.framework",
			);
			name = "[CP] Embed Pods Frameworks";
			outputPaths = (
				"${TARGET_BUILD_DIR}/${FRAMEWORKS_FOLDER_PATH}/Alamofire.framework",
			);
			runOnlyForDeploymentPostprocessing = 0;
			shellPath = /bin/sh;
			shellScript = "\"${SRCROOT}/Pods/Target Support Files/Pods-FhoodTEst/Pods-FhoodTEst-frameworks.sh\"\n";
			showEnvVarsInLog = 0;
		};
		45C05BDB32CDDEE8F89E6043 /* [CP] Check Pods Manifest.lock */ = {
			isa = PBXShellScriptBuildPhase;
			buildActionMask = 2147483647;
			files = (
			);
			inputPaths = (
				"${PODS_PODFILE_DIR_PATH}/Podfile.lock",
				"${PODS_ROOT}/Manifest.lock",
			);
			name = "[CP] Check Pods Manifest.lock";
			outputPaths = (
				"$(DERIVED_FILE_DIR)/Pods-FhoodTEst-checkManifestLockResult.txt",
			);
			runOnlyForDeploymentPostprocessing = 0;
			shellPath = /bin/sh;
			shellScript = "diff \"${PODS_PODFILE_DIR_PATH}/Podfile.lock\" \"${PODS_ROOT}/Manifest.lock\" > /dev/null\nif [ $? != 0 ] ; then\n    # print error to STDERR\n    echo \"error: The sandbox is not in sync with the Podfile.lock. Run 'pod install' or update your CocoaPods installation.\" >&2\n    exit 1\nfi\n# This output is used by Xcode 'outputs' to avoid re-running this script phase.\necho \"SUCCESS\" > \"${SCRIPT_OUTPUT_FILE_0}\"\n";
			showEnvVarsInLog = 0;
		};
		F9037AA3CDAFF2ADABA4663F /* [CP] Copy Pods Resources */ = {
			isa = PBXShellScriptBuildPhase;
			buildActionMask = 2147483647;
			files = (
			);
			inputPaths = (
			);
			name = "[CP] Copy Pods Resources";
			outputPaths = (
			);
			runOnlyForDeploymentPostprocessing = 0;
			shellPath = /bin/sh;
			shellScript = "\"${SRCROOT}/Pods/Target Support Files/Pods-FhoodTEst/Pods-FhoodTEst-resources.sh\"\n";
			showEnvVarsInLog = 0;
		};
/* End PBXShellScriptBuildPhase section */

/* Begin PBXSourcesBuildPhase section */
		84F337991FE2565C0072DB6C /* Sources */ = {
			isa = PBXSourcesBuildPhase;
			buildActionMask = 2147483647;
			files = (
				84F337A31FE2565C0072DB6C /* ViewController.swift in Sources */,
				84F337B41FE2586A0072DB6C /* CBAccount.swift in Sources */,
				84F337A11FE2565C0072DB6C /* AppDelegate.swift in Sources */,
				84F337B71FE25FCE0072DB6C /* AppManager.swift in Sources */,
				84F337BE1FE262430072DB6C /* OAuthUtil.m in Sources */,
			);
			runOnlyForDeploymentPostprocessing = 0;
		};
/* End PBXSourcesBuildPhase section */

/* Begin PBXVariantGroup section */
		84F337A41FE2565C0072DB6C /* Main.storyboard */ = {
			isa = PBXVariantGroup;
			children = (
				84F337A51FE2565C0072DB6C /* Base */,
			);
			name = Main.storyboard;
			sourceTree = "<group>";
		};
		84F337A91FE2565C0072DB6C /* LaunchScreen.storyboard */ = {
			isa = PBXVariantGroup;
			children = (
				84F337AA1FE2565C0072DB6C /* Base */,
			);
			name = LaunchScreen.storyboard;
			sourceTree = "<group>";
		};
/* End PBXVariantGroup section */

/* Begin XCBuildConfiguration section */
		84F337AD1FE2565C0072DB6C /* Debug */ = {
			isa = XCBuildConfiguration;
			buildSettings = {
				ALWAYS_SEARCH_USER_PATHS = NO;
				CLANG_ANALYZER_NONNULL = YES;
				CLANG_ANALYZER_NUMBER_OBJECT_CONVERSION = YES_AGGRESSIVE;
				CLANG_CXX_LANGUAGE_STANDARD = "gnu++14";
				CLANG_CXX_LIBRARY = "libc++";
				CLANG_ENABLE_MODULES = YES;
				CLANG_ENABLE_OBJC_ARC = YES;
				CLANG_WARN_BLOCK_CAPTURE_AUTORELEASING = YES;
				CLANG_WARN_BOOL_CONVERSION = YES;
				CLANG_WARN_COMMA = YES;
				CLANG_WARN_CONSTANT_CONVERSION = YES;
				CLANG_WARN_DIRECT_OBJC_ISA_USAGE = YES_ERROR;
				CLANG_WARN_DOCUMENTATION_COMMENTS = YES;
				CLANG_WARN_EMPTY_BODY = YES;
				CLANG_WARN_ENUM_CONVERSION = YES;
				CLANG_WARN_INFINITE_RECURSION = YES;
				CLANG_WARN_INT_CONVERSION = YES;
				CLANG_WARN_NON_LITERAL_NULL_CONVERSION = YES;
				CLANG_WARN_OBJC_LITERAL_CONVERSION = YES;
				CLANG_WARN_OBJC_ROOT_CLASS = YES_ERROR;
				CLANG_WARN_RANGE_LOOP_ANALYSIS = YES;
				CLANG_WARN_STRICT_PROTOTYPES = YES;
				CLANG_WARN_SUSPICIOUS_MOVE = YES;
				CLANG_WARN_UNGUARDED_AVAILABILITY = YES_AGGRESSIVE;
				CLANG_WARN_UNREACHABLE_CODE = YES;
				CLANG_WARN__DUPLICATE_METHOD_MATCH = YES;
				CODE_SIGN_IDENTITY = "iPhone Developer";
				COPY_PHASE_STRIP = NO;
				DEBUG_INFORMATION_FORMAT = dwarf;
				ENABLE_STRICT_OBJC_MSGSEND = YES;
				ENABLE_TESTABILITY = YES;
				GCC_C_LANGUAGE_STANDARD = gnu11;
				GCC_DYNAMIC_NO_PIC = NO;
				GCC_NO_COMMON_BLOCKS = YES;
				GCC_OPTIMIZATION_LEVEL = 0;
				GCC_PREPROCESSOR_DEFINITIONS = (
					"DEBUG=1",
					"$(inherited)",
				);
				GCC_WARN_64_TO_32_BIT_CONVERSION = YES;
				GCC_WARN_ABOUT_RETURN_TYPE = YES_ERROR;
				GCC_WARN_UNDECLARED_SELECTOR = YES;
				GCC_WARN_UNINITIALIZED_AUTOS = YES_AGGRESSIVE;
				GCC_WARN_UNUSED_FUNCTION = YES;
				GCC_WARN_UNUSED_VARIABLE = YES;
				IPHONEOS_DEPLOYMENT_TARGET = 11.1;
				MTL_ENABLE_DEBUG_INFO = YES;
				ONLY_ACTIVE_ARCH = YES;
				SDKROOT = iphoneos;
				SWIFT_ACTIVE_COMPILATION_CONDITIONS = DEBUG;
				SWIFT_OPTIMIZATION_LEVEL = "-Onone";
			};
			name = Debug;
		};
		84F337AE1FE2565C0072DB6C /* Release */ = {
			isa = XCBuildConfiguration;
			buildSettings = {
				ALWAYS_SEARCH_USER_PATHS = NO;
				CLANG_ANALYZER_NONNULL = YES;
				CLANG_ANALYZER_NUMBER_OBJECT_CONVERSION = YES_AGGRESSIVE;
				CLANG_CXX_LANGUAGE_STANDARD = "gnu++14";
				CLANG_CXX_LIBRARY = "libc++";
				CLANG_ENABLE_MODULES = YES;
				CLANG_ENABLE_OBJC_ARC = YES;
				CLANG_WARN_BLOCK_CAPTURE_AUTORELEASING = YES;
				CLANG_WARN_BOOL_CONVERSION = YES;
				CLANG_WARN_COMMA = YES;
				CLANG_WARN_CONSTANT_CONVERSION = YES;
				CLANG_WARN_DIRECT_OBJC_ISA_USAGE = YES_ERROR;
				CLANG_WARN_DOCUMENTATION_COMMENTS = YES;
				CLANG_WARN_EMPTY_BODY = YES;
				CLANG_WARN_ENUM_CONVERSION = YES;
				CLANG_WARN_INFINITE_RECURSION = YES;
				CLANG_WARN_INT_CONVERSION = YES;
				CLANG_WARN_NON_LITERAL_NULL_CONVERSION = YES;
				CLANG_WARN_OBJC_LITERAL_CONVERSION = YES;
				CLANG_WARN_OBJC_ROOT_CLASS = YES_ERROR;
				CLANG_WARN_RANGE_LOOP_ANALYSIS = YES;
				CLANG_WARN_STRICT_PROTOTYPES = YES;
				CLANG_WARN_SUSPICIOUS_MOVE = YES;
				CLANG_WARN_UNGUARDED_AVAILABILITY = YES_AGGRESSIVE;
				CLANG_WARN_UNREACHABLE_CODE = YES;
				CLANG_WARN__DUPLICATE_METHOD_MATCH = YES;
				CODE_SIGN_IDENTITY = "iPhone Developer";
				COPY_PHASE_STRIP = NO;
				DEBUG_INFORMATION_FORMAT = "dwarf-with-dsym";
				ENABLE_NS_ASSERTIONS = NO;
				ENABLE_STRICT_OBJC_MSGSEND = YES;
				GCC_C_LANGUAGE_STANDARD = gnu11;
				GCC_NO_COMMON_BLOCKS = YES;
				GCC_WARN_64_TO_32_BIT_CONVERSION = YES;
				GCC_WARN_ABOUT_RETURN_TYPE = YES_ERROR;
				GCC_WARN_UNDECLARED_SELECTOR = YES;
				GCC_WARN_UNINITIALIZED_AUTOS = YES_AGGRESSIVE;
				GCC_WARN_UNUSED_FUNCTION = YES;
				GCC_WARN_UNUSED_VARIABLE = YES;
				IPHONEOS_DEPLOYMENT_TARGET = 11.1;
				MTL_ENABLE_DEBUG_INFO = NO;
				SDKROOT = iphoneos;
				SWIFT_OPTIMIZATION_LEVEL = "-Owholemodule";
				VALIDATE_PRODUCT = YES;
			};
			name = Release;
		};
		84F337B01FE2565C0072DB6C /* Debug */ = {
			isa = XCBuildConfiguration;
			baseConfigurationReference = 9989CFE93D359A51C61F460D /* Pods-FhoodTEst.debug.xcconfig */;
			buildSettings = {
				ASSETCATALOG_COMPILER_APPICON_NAME = AppIcon;
				CODE_SIGN_STYLE = Automatic;
				INFOPLIST_FILE = FhoodTEst/Info.plist;
				LD_RUNPATH_SEARCH_PATHS = "$(inherited) @executable_path/Frameworks";
				PRODUCT_BUNDLE_IDENTIFIER = com.Fhood.FhoodTEst;
				PRODUCT_NAME = "$(TARGET_NAME)";
				SWIFT_OBJC_BRIDGING_HEADER = "FhoodTEst/Bridging-Header.h";
				SWIFT_VERSION = 4.0;
				TARGETED_DEVICE_FAMILY = "1,2";
			};
			name = Debug;
		};
		84F337B11FE2565C0072DB6C /* Release */ = {
			isa = XCBuildConfiguration;
			baseConfigurationReference = 24F2CECA8D619708EFA5AE1A /* Pods-FhoodTEst.release.xcconfig */;
			buildSettings = {
				ASSETCATALOG_COMPILER_APPICON_NAME = AppIcon;
				CODE_SIGN_STYLE = Automatic;
				INFOPLIST_FILE = FhoodTEst/Info.plist;
				LD_RUNPATH_SEARCH_PATHS = "$(inherited) @executable_path/Frameworks";
				PRODUCT_BUNDLE_IDENTIFIER = com.Fhood.FhoodTEst;
				PRODUCT_NAME = "$(TARGET_NAME)";
				SWIFT_OBJC_BRIDGING_HEADER = "FhoodTEst/Bridging-Header.h";
				SWIFT_VERSION = 4.0;
				TARGETED_DEVICE_FAMILY = "1,2";
			};
			name = Release;
		};
/* End XCBuildConfiguration section */

/* Begin XCConfigurationList section */
		84F337981FE2565C0072DB6C /* Build configuration list for PBXProject "FhoodTEst" */ = {
			isa = XCConfigurationList;
			buildConfigurations = (
				84F337AD1FE2565C0072DB6C /* Debug */,
				84F337AE1FE2565C0072DB6C /* Release */,
			);
			defaultConfigurationIsVisible = 0;
			defaultConfigurationName = Release;
		};
		84F337AF1FE2565C0072DB6C /* Build configuration list for PBXNativeTarget "FhoodTEst" */ = {
			isa = XCConfigurationList;
			buildConfigurations = (
				84F337B01FE2565C0072DB6C /* Debug */,
				84F337B11FE2565C0072DB6C /* Release */,
			);
			defaultConfigurationIsVisible = 0;
			defaultConfigurationName = Release;
		};
/* End XCConfigurationList section */
	};
	rootObject = 84F337951FE2565C0072DB6C /* Project object */;
}
