// !$*UTF8*$!
{
	archiveVersion = 1;
	classes = {
	};
	objectVersion = 46;
	objects = {

/* Begin PBXBuildFile section */
		3B356FCC1B9275670014AD22 /* OnboardingViewController.swift in Sources */ = {isa = PBXBuildFile; fileRef = 3B356FCB1B9275670014AD22 /* OnboardingViewController.swift */; };
		3B356FCE1B9284500014AD22 /* Constants.swift in Sources */ = {isa = PBXBuildFile; fileRef = 3B356FCD1B9284500014AD22 /* Constants.swift */; };
		3B356FD01B93DEE70014AD22 /* User.swift in Sources */ = {isa = PBXBuildFile; fileRef = 3B356FCF1B93DEE70014AD22 /* User.swift */; };
		3B356FD31B93E6A30014AD22 /* HUD.swift in Sources */ = {isa = PBXBuildFile; fileRef = 3B356FD21B93E6A30014AD22 /* HUD.swift */; };
		3B356FD61B93F1170014AD22 /* Router.swift in Sources */ = {isa = PBXBuildFile; fileRef = 3B356FD51B93F1170014AD22 /* Router.swift */; };
		3B356FDA1B940C240014AD22 /* LaunchViewController.swift in Sources */ = {isa = PBXBuildFile; fileRef = 3B356FD91B940C240014AD22 /* LaunchViewController.swift */; };
		3BB130D91BB720B7009204D5 /* MapView.swift in Sources */ = {isa = PBXBuildFile; fileRef = 3BB130D81BB720B7009204D5 /* MapView.swift */; };
		3BC061291BA600EC000614E8 /* BubbleBackgroundView.swift in Sources */ = {isa = PBXBuildFile; fileRef = 3BC061281BA600EC000614E8 /* BubbleBackgroundView.swift */; };
		3BD592611B96A3B5003D26AE /* UIView+Extension.swift in Sources */ = {isa = PBXBuildFile; fileRef = 3BD592601B96A3B5003D26AE /* UIView+Extension.swift */; };
		3BD592641B96A5F0003D26AE /* LaunchScreenSystem.xib in Resources */ = {isa = PBXBuildFile; fileRef = 3BD592621B96A5F0003D26AE /* LaunchScreenSystem.xib */; };
		3BF325331B92533700C606D5 /* Reveal.storyboard in Resources */ = {isa = PBXBuildFile; fileRef = 3BF325321B92533700C606D5 /* Reveal.storyboard */; };
		3BF91B7F1B926EC5005C9EDB /* Onboarding.storyboard in Resources */ = {isa = PBXBuildFile; fileRef = 3BF91B7E1B926EC5005C9EDB /* Onboarding.storyboard */; };
		4B48668B113C843C865D4100 /* Pods_Fhood.framework in Frameworks */ = {isa = PBXBuildFile; fileRef = 5375D2D72D37953E50C8C6F7 /* Pods_Fhood.framework */; };
		6301DF761C02988100314323 /* PhotoViewController.swift in Sources */ = {isa = PBXBuildFile; fileRef = 6301DF751C02988100314323 /* PhotoViewController.swift */; };
		630306C21BD8694D002C5B0F /* CancelOrdersViewController.swift in Sources */ = {isa = PBXBuildFile; fileRef = 630306C11BD8694D002C5B0F /* CancelOrdersViewController.swift */; };
		630609DF1B0AFC4400DAA7B4 /* FeaturedViewController.swift in Sources */ = {isa = PBXBuildFile; fileRef = 630609DE1B0AFC4400DAA7B4 /* FeaturedViewController.swift */; };
		630609E11B0AFC5B00DAA7B4 /* MoreViewController.swift in Sources */ = {isa = PBXBuildFile; fileRef = 630609E01B0AFC5B00DAA7B4 /* MoreViewController.swift */; };
		63137FCE1C2153640017DFF5 /* AboutFhooderViewController.swift in Sources */ = {isa = PBXBuildFile; fileRef = 63137FCD1C2153640017DFF5 /* AboutFhooderViewController.swift */; };
		631DD3481BFA5F4E006C5BBF /* PromoViewController.swift in Sources */ = {isa = PBXBuildFile; fileRef = 631DD3471BFA5F4E006C5BBF /* PromoViewController.swift */; };
		63331AF91C0A842C00C4E44A /* AddItemViewController.swift in Sources */ = {isa = PBXBuildFile; fileRef = 63331AF81C0A842C00C4E44A /* AddItemViewController.swift */; };
		63331AFB1C0C08B300C4E44A /* NutritionalInfoCell.swift in Sources */ = {isa = PBXBuildFile; fileRef = 63331AFA1C0C08B300C4E44A /* NutritionalInfoCell.swift */; };
		633376991B582CB400F7D846 /* ConfirmViewController.swift in Sources */ = {isa = PBXBuildFile; fileRef = 633376981B582CB400F7D846 /* ConfirmViewController.swift */; };
		6333769B1B5845FD00F7D846 /* RateViewController.swift in Sources */ = {isa = PBXBuildFile; fileRef = 6333769A1B5845FD00F7D846 /* RateViewController.swift */; };
		634F3BB61C062A5F00344A09 /* SignUpViewController.swift in Sources */ = {isa = PBXBuildFile; fileRef = 634F3BB51C062A5F00344A09 /* SignUpViewController.swift */; };
		63611A6D1B5EFE69004BDDCF /* ListTableViewCell.swift in Sources */ = {isa = PBXBuildFile; fileRef = 63611A6C1B5EFE69004BDDCF /* ListTableViewCell.swift */; };
		6363759E1B533A1C00BBE93B /* DirectionViewController.swift in Sources */ = {isa = PBXBuildFile; fileRef = 6363759D1B533A1C00BBE93B /* DirectionViewController.swift */; };
		636CB1651B94523300674C91 /* Fhooder.storyboard in Resources */ = {isa = PBXBuildFile; fileRef = 636CB1641B94523300674C91 /* Fhooder.storyboard */; };
		636CB1671B9452A700674C91 /* FhooderMoreViewController.swift in Sources */ = {isa = PBXBuildFile; fileRef = 636CB1661B9452A700674C91 /* FhooderMoreViewController.swift */; };
		636CB1691B9452D100674C91 /* FhooderTabBarController.swift in Sources */ = {isa = PBXBuildFile; fileRef = 636CB1681B9452D100674C91 /* FhooderTabBarController.swift */; };
		636CB16B1B9452FC00674C91 /* ManageViewController.swift in Sources */ = {isa = PBXBuildFile; fileRef = 636CB16A1B9452FC00674C91 /* ManageViewController.swift */; };
		636CB16E1B94530600674C91 /* ManageCollectionViewCell.swift in Sources */ = {isa = PBXBuildFile; fileRef = 636CB16C1B94530600674C91 /* ManageCollectionViewCell.swift */; };
		636CB16F1B94530600674C91 /* ManageTableViewCell.swift in Sources */ = {isa = PBXBuildFile; fileRef = 636CB16D1B94530600674C91 /* ManageTableViewCell.swift */; };
		636CB1711B94536400674C91 /* OrdersViewController.swift in Sources */ = {isa = PBXBuildFile; fileRef = 636CB1701B94536400674C91 /* OrdersViewController.swift */; };
		636CC8D71B1EEFE90084CCE8 /* TabBarController.swift in Sources */ = {isa = PBXBuildFile; fileRef = 636CC8D61B1EEFE90084CCE8 /* TabBarController.swift */; };
		636F75141B7E973A00A8C1E8 /* BubbleView.swift in Sources */ = {isa = PBXBuildFile; fileRef = 636F75131B7E973A00A8C1E8 /* BubbleView.swift */; };
		636F75161B7E9A0C00A8C1E8 /* AnnotationObject.swift in Sources */ = {isa = PBXBuildFile; fileRef = 636F75151B7E9A0C00A8C1E8 /* AnnotationObject.swift */; };
		6382F0991BDF23EE002C9C6B /* ReceiptViewController.swift in Sources */ = {isa = PBXBuildFile; fileRef = 6382F0981BDF23EE002C9C6B /* ReceiptViewController.swift */; };
		6382F09B1BDF7007002C9C6B /* fhoodie.swift in Sources */ = {isa = PBXBuildFile; fileRef = 6382F09A1BDF7007002C9C6B /* fhoodie.swift */; };
		6382F09D1BE0ABC0002C9C6B /* DetailViewController.swift in Sources */ = {isa = PBXBuildFile; fileRef = 6382F09C1BE0ABC0002C9C6B /* DetailViewController.swift */; };
		638654131B65A81A000DFC5E /* OrderedViewController.swift in Sources */ = {isa = PBXBuildFile; fileRef = 638654121B65A81A000DFC5E /* OrderedViewController.swift */; };
		63936FDC1BF6B0CC00970926 /* ProfileViewController.swift in Sources */ = {isa = PBXBuildFile; fileRef = 63936FDB1BF6B0CC00970926 /* ProfileViewController.swift */; };
		63936FDE1BF6B49700970926 /* EmailViewController.swift in Sources */ = {isa = PBXBuildFile; fileRef = 63936FDD1BF6B49700970926 /* EmailViewController.swift */; };
		63936FE01BF6B4CA00970926 /* PhoneNumberViewController.swift in Sources */ = {isa = PBXBuildFile; fileRef = 63936FDF1BF6B4CA00970926 /* PhoneNumberViewController.swift */; };
		639B461A1B7E927700A001F2 /* BubbleView.xib in Resources */ = {isa = PBXBuildFile; fileRef = 639B46191B7E927700A001F2 /* BubbleView.xib */; };
		639C07E51C0DBA1C00850681 /* FoodPhotoViewController.swift in Sources */ = {isa = PBXBuildFile; fileRef = 639C07E41C0DBA1C00850681 /* FoodPhotoViewController.swift */; };
		639C07E71C0DBC7B00850681 /* DescriptionIngredientsViewController.swift in Sources */ = {isa = PBXBuildFile; fileRef = 639C07E61C0DBC7B00850681 /* DescriptionIngredientsViewController.swift */; };
		63A523B71BD9AC5E000D1557 /* MessageComposer.swift in Sources */ = {isa = PBXBuildFile; fileRef = 63A523B61BD9AC5E000D1557 /* MessageComposer.swift */; };
		63A97FF91B3C1FDA00EEDF58 /* CollectionViewCell.swift in Sources */ = {isa = PBXBuildFile; fileRef = 63A97FF81B3C1FDA00EEDF58 /* CollectionViewCell.swift */; };
		63AD61BA1B91A1C200BA1574 /* LandingViewController.swift in Sources */ = {isa = PBXBuildFile; fileRef = 63AD61B71B91A1C200BA1574 /* LandingViewController.swift */; };
		63AF75511C14DAA0004E9A85 /* AboutMeViewController.swift in Sources */ = {isa = PBXBuildFile; fileRef = 63AF75501C14DAA0004E9A85 /* AboutMeViewController.swift */; };
		63AF7C711BF47BA500DAFB94 /* SettingsViewController.swift in Sources */ = {isa = PBXBuildFile; fileRef = 63AF7C701BF47BA500DAFB94 /* SettingsViewController.swift */; };
		63B329CE1B2010AA00077377 /* AccountViewController.swift in Sources */ = {isa = PBXBuildFile; fileRef = 63B329CD1B2010AA00077377 /* AccountViewController.swift */; };
		63B329D01B201E9D00077377 /* PaymentViewController.swift in Sources */ = {isa = PBXBuildFile; fileRef = 63B329CF1B201E9D00077377 /* PaymentViewController.swift */; };
		63B4560B1B5F2E4B002E1C67 /* FeaturedTableViewCell.swift in Sources */ = {isa = PBXBuildFile; fileRef = 63B4560A1B5F2E4B002E1C67 /* FeaturedTableViewCell.swift */; };
		63BAF19A1BF609AB005EAC92 /* SettingsTableViewCell.swift in Sources */ = {isa = PBXBuildFile; fileRef = 63BAF1991BF609AB005EAC92 /* SettingsTableViewCell.swift */; };
		63C830311B0996FB0089CCFF /* AppDelegate.swift in Sources */ = {isa = PBXBuildFile; fileRef = 63C830301B0996FB0089CCFF /* AppDelegate.swift */; };
		63C830331B0996FB0089CCFF /* MapViewController.swift in Sources */ = {isa = PBXBuildFile; fileRef = 63C830321B0996FB0089CCFF /* MapViewController.swift */; };
		63C830351B0996FB0089CCFF /* ListViewController.swift in Sources */ = {isa = PBXBuildFile; fileRef = 63C830341B0996FB0089CCFF /* ListViewController.swift */; };
		63C830381B0996FB0089CCFF /* Main.storyboard in Resources */ = {isa = PBXBuildFile; fileRef = 63C830361B0996FB0089CCFF /* Main.storyboard */; };
		63C8303A1B0996FB0089CCFF /* Images.xcassets in Resources */ = {isa = PBXBuildFile; fileRef = 63C830391B0996FB0089CCFF /* Images.xcassets */; };
		63C8303D1B0996FB0089CCFF /* LaunchScreen.xib in Resources */ = {isa = PBXBuildFile; fileRef = 63C8303B1B0996FB0089CCFF /* LaunchScreen.xib */; };
		63C830491B0996FB0089CCFF /* FhoodTests.swift in Sources */ = {isa = PBXBuildFile; fileRef = 63C830481B0996FB0089CCFF /* FhoodTests.swift */; };
		63CA0CB11BDAE9B6000BCF45 /* ItemDetailViewController.swift in Sources */ = {isa = PBXBuildFile; fileRef = 63CA0CB01BDAE9B6000BCF45 /* ItemDetailViewController.swift */; };
		63CA5CA11B3F82F1008D16A1 /* TableViewCell3.swift in Sources */ = {isa = PBXBuildFile; fileRef = 63CA5CA01B3F82F1008D16A1 /* TableViewCell3.swift */; };
		63CA5CA51B41AF3B008D16A1 /* FilterMenu.swift in Sources */ = {isa = PBXBuildFile; fileRef = 63CA5CA31B41AF3B008D16A1 /* FilterMenu.swift */; };
		63CA5CA71B425119008D16A1 /* FhooderViewController.swift in Sources */ = {isa = PBXBuildFile; fileRef = 63CA5CA61B425119008D16A1 /* FhooderViewController.swift */; };
		63CB95241B945714005815E7 /* OrdersTableViewCell.swift in Sources */ = {isa = PBXBuildFile; fileRef = 63CB95231B945714005815E7 /* OrdersTableViewCell.swift */; };
		63D8D72E1B25E41C0016D33D /* HistoryViewController.swift in Sources */ = {isa = PBXBuildFile; fileRef = 63D8D72D1B25E41C0016D33D /* HistoryViewController.swift */; };
		63E085CF1B44AB750095C603 /* Fhooder.swift in Sources */ = {isa = PBXBuildFile; fileRef = 63E085CE1B44AB750095C603 /* Fhooder.swift */; };
		63E5CA161C13D99100D33B25 /* AddressViewController.swift in Sources */ = {isa = PBXBuildFile; fileRef = 63E5CA151C13D99100D33B25 /* AddressViewController.swift */; };
		63EF67021BD1EFDB0068D531 /* OrdersDetailViewController.swift in Sources */ = {isa = PBXBuildFile; fileRef = 63EF67011BD1EFDB0068D531 /* OrdersDetailViewController.swift */; };
		63F547481BC751B600299899 /* CookingTimeViewController.swift in Sources */ = {isa = PBXBuildFile; fileRef = 63F547471BC751B600299899 /* CookingTimeViewController.swift */; };
		63F70A2D1B5A3CE200A2D618 /* FinalViewController.swift in Sources */ = {isa = PBXBuildFile; fileRef = 63F70A2C1B5A3CE200A2D618 /* FinalViewController.swift */; };
		63F70A2F1B5B6F2700A2D618 /* fhooderOne.swift in Sources */ = {isa = PBXBuildFile; fileRef = 63F70A2E1B5B6F2700A2D618 /* fhooderOne.swift */; };
		63F70A311B5B720C00A2D618 /* fhooderTwo.swift in Sources */ = {isa = PBXBuildFile; fileRef = 63F70A301B5B720C00A2D618 /* fhooderTwo.swift */; };
		63F70A331B5B763B00A2D618 /* fhooderThree.swift in Sources */ = {isa = PBXBuildFile; fileRef = 63F70A321B5B763B00A2D618 /* fhooderThree.swift */; };
		63F70A351B5B764800A2D618 /* fhooderFour.swift in Sources */ = {isa = PBXBuildFile; fileRef = 63F70A341B5B764800A2D618 /* fhooderFour.swift */; };
		63F70A371B5B765300A2D618 /* fhooderFive.swift in Sources */ = {isa = PBXBuildFile; fileRef = 63F70A361B5B765300A2D618 /* fhooderFive.swift */; };
		63F70A391B5B765E00A2D618 /* fhooderSix.swift in Sources */ = {isa = PBXBuildFile; fileRef = 63F70A381B5B765E00A2D618 /* fhooderSix.swift */; };
		63F70A3B1B5B766900A2D618 /* fhooderSeven.swift in Sources */ = {isa = PBXBuildFile; fileRef = 63F70A3A1B5B766900A2D618 /* fhooderSeven.swift */; };
		63F70A3D1B5B767500A2D618 /* fhooderEight.swift in Sources */ = {isa = PBXBuildFile; fileRef = 63F70A3C1B5B767500A2D618 /* fhooderEight.swift */; };
		63F70A3F1B5B768000A2D618 /* fhooderNine.swift in Sources */ = {isa = PBXBuildFile; fileRef = 63F70A3E1B5B768000A2D618 /* fhooderNine.swift */; };
		63F70A411B5B768A00A2D618 /* fhooderTen.swift in Sources */ = {isa = PBXBuildFile; fileRef = 63F70A401B5B768A00A2D618 /* fhooderTen.swift */; };
/* End PBXBuildFile section */

/* Begin PBXContainerItemProxy section */
		63C830431B0996FB0089CCFF /* PBXContainerItemProxy */ = {
			isa = PBXContainerItemProxy;
			containerPortal = 63C830231B0996FB0089CCFF /* Project object */;
			proxyType = 1;
			remoteGlobalIDString = 63C8302A1B0996FB0089CCFF;
			remoteInfo = Fhood;
		};
/* End PBXContainerItemProxy section */

/* Begin PBXFileReference section */
		2C5C1754B724B459109316E4 /* Pods-Fhood.debug.xcconfig */ = {isa = PBXFileReference; includeInIndex = 1; lastKnownFileType = text.xcconfig; name = "Pods-Fhood.debug.xcconfig"; path = "Pods/Target Support Files/Pods-Fhood/Pods-Fhood.debug.xcconfig"; sourceTree = "<group>"; };
		3B356FCB1B9275670014AD22 /* OnboardingViewController.swift */ = {isa = PBXFileReference; fileEncoding = 4; lastKnownFileType = sourcecode.swift; path = OnboardingViewController.swift; sourceTree = "<group>"; };
		3B356FCD1B9284500014AD22 /* Constants.swift */ = {isa = PBXFileReference; fileEncoding = 4; lastKnownFileType = sourcecode.swift; path = Constants.swift; sourceTree = "<group>"; };
		3B356FCF1B93DEE70014AD22 /* User.swift */ = {isa = PBXFileReference; fileEncoding = 4; lastKnownFileType = sourcecode.swift; path = User.swift; sourceTree = "<group>"; };
		3B356FD21B93E6A30014AD22 /* HUD.swift */ = {isa = PBXFileReference; fileEncoding = 4; lastKnownFileType = sourcecode.swift; path = HUD.swift; sourceTree = "<group>"; };
		3B356FD51B93F1170014AD22 /* Router.swift */ = {isa = PBXFileReference; fileEncoding = 4; lastKnownFileType = sourcecode.swift; path = Router.swift; sourceTree = "<group>"; };
		3B356FD91B940C240014AD22 /* LaunchViewController.swift */ = {isa = PBXFileReference; fileEncoding = 4; lastKnownFileType = sourcecode.swift; path = LaunchViewController.swift; sourceTree = "<group>"; };
		3BB130D81BB720B7009204D5 /* MapView.swift */ = {isa = PBXFileReference; fileEncoding = 4; lastKnownFileType = sourcecode.swift; path = MapView.swift; sourceTree = "<group>"; };
		3BC061281BA600EC000614E8 /* BubbleBackgroundView.swift */ = {isa = PBXFileReference; fileEncoding = 4; lastKnownFileType = sourcecode.swift; path = BubbleBackgroundView.swift; sourceTree = "<group>"; };
		3BD592601B96A3B5003D26AE /* UIView+Extension.swift */ = {isa = PBXFileReference; fileEncoding = 4; lastKnownFileType = sourcecode.swift; path = "UIView+Extension.swift"; sourceTree = "<group>"; };
		3BD592631B96A5F0003D26AE /* Base */ = {isa = PBXFileReference; lastKnownFileType = file.xib; name = Base; path = Base.lproj/LaunchScreenSystem.xib; sourceTree = "<group>"; };
		3BF325321B92533700C606D5 /* Reveal.storyboard */ = {isa = PBXFileReference; fileEncoding = 4; lastKnownFileType = file.storyboard; path = Reveal.storyboard; sourceTree = "<group>"; };
		3BF91B7E1B926EC5005C9EDB /* Onboarding.storyboard */ = {isa = PBXFileReference; fileEncoding = 4; lastKnownFileType = file.storyboard; path = Onboarding.storyboard; sourceTree = "<group>"; };
		5375D2D72D37953E50C8C6F7 /* Pods_Fhood.framework */ = {isa = PBXFileReference; explicitFileType = wrapper.framework; includeInIndex = 0; path = Pods_Fhood.framework; sourceTree = BUILT_PRODUCTS_DIR; };
		6301DF751C02988100314323 /* PhotoViewController.swift */ = {isa = PBXFileReference; fileEncoding = 4; lastKnownFileType = sourcecode.swift; path = PhotoViewController.swift; sourceTree = "<group>"; };
		630306C11BD8694D002C5B0F /* CancelOrdersViewController.swift */ = {isa = PBXFileReference; fileEncoding = 4; lastKnownFileType = sourcecode.swift; path = CancelOrdersViewController.swift; sourceTree = "<group>"; };
		630609DE1B0AFC4400DAA7B4 /* FeaturedViewController.swift */ = {isa = PBXFileReference; fileEncoding = 4; lastKnownFileType = sourcecode.swift; path = FeaturedViewController.swift; sourceTree = "<group>"; };
		630609E01B0AFC5B00DAA7B4 /* MoreViewController.swift */ = {isa = PBXFileReference; fileEncoding = 4; lastKnownFileType = sourcecode.swift; path = MoreViewController.swift; sourceTree = "<group>"; };
		63137FCD1C2153640017DFF5 /* AboutFhooderViewController.swift */ = {isa = PBXFileReference; fileEncoding = 4; lastKnownFileType = sourcecode.swift; path = AboutFhooderViewController.swift; sourceTree = "<group>"; };
		631DD3471BFA5F4E006C5BBF /* PromoViewController.swift */ = {isa = PBXFileReference; fileEncoding = 4; lastKnownFileType = sourcecode.swift; path = PromoViewController.swift; sourceTree = "<group>"; };
		63331AF81C0A842C00C4E44A /* AddItemViewController.swift */ = {isa = PBXFileReference; fileEncoding = 4; lastKnownFileType = sourcecode.swift; path = AddItemViewController.swift; sourceTree = "<group>"; };
		63331AFA1C0C08B300C4E44A /* NutritionalInfoCell.swift */ = {isa = PBXFileReference; fileEncoding = 4; lastKnownFileType = sourcecode.swift; path = NutritionalInfoCell.swift; sourceTree = "<group>"; };
		633376981B582CB400F7D846 /* ConfirmViewController.swift */ = {isa = PBXFileReference; fileEncoding = 4; lastKnownFileType = sourcecode.swift; path = ConfirmViewController.swift; sourceTree = "<group>"; };
		6333769A1B5845FD00F7D846 /* RateViewController.swift */ = {isa = PBXFileReference; fileEncoding = 4; lastKnownFileType = sourcecode.swift; path = RateViewController.swift; sourceTree = "<group>"; };
		634F3BB51C062A5F00344A09 /* SignUpViewController.swift */ = {isa = PBXFileReference; fileEncoding = 4; lastKnownFileType = sourcecode.swift; path = SignUpViewController.swift; sourceTree = "<group>"; };
		63611A6C1B5EFE69004BDDCF /* ListTableViewCell.swift */ = {isa = PBXFileReference; fileEncoding = 4; lastKnownFileType = sourcecode.swift; path = ListTableViewCell.swift; sourceTree = "<group>"; };
		6363759D1B533A1C00BBE93B /* DirectionViewController.swift */ = {isa = PBXFileReference; fileEncoding = 4; lastKnownFileType = sourcecode.swift; path = DirectionViewController.swift; sourceTree = "<group>"; };
		636CB1641B94523300674C91 /* Fhooder.storyboard */ = {isa = PBXFileReference; fileEncoding = 4; lastKnownFileType = file.storyboard; path = Fhooder.storyboard; sourceTree = "<group>"; };
		636CB1661B9452A700674C91 /* FhooderMoreViewController.swift */ = {isa = PBXFileReference; fileEncoding = 4; lastKnownFileType = sourcecode.swift; path = FhooderMoreViewController.swift; sourceTree = "<group>"; };
		636CB1681B9452D100674C91 /* FhooderTabBarController.swift */ = {isa = PBXFileReference; fileEncoding = 4; lastKnownFileType = sourcecode.swift; path = FhooderTabBarController.swift; sourceTree = "<group>"; };
		636CB16A1B9452FC00674C91 /* ManageViewController.swift */ = {isa = PBXFileReference; fileEncoding = 4; lastKnownFileType = sourcecode.swift; path = ManageViewController.swift; sourceTree = "<group>"; };
		636CB16C1B94530600674C91 /* ManageCollectionViewCell.swift */ = {isa = PBXFileReference; fileEncoding = 4; lastKnownFileType = sourcecode.swift; path = ManageCollectionViewCell.swift; sourceTree = "<group>"; };
		636CB16D1B94530600674C91 /* ManageTableViewCell.swift */ = {isa = PBXFileReference; fileEncoding = 4; lastKnownFileType = sourcecode.swift; path = ManageTableViewCell.swift; sourceTree = "<group>"; };
		636CB1701B94536400674C91 /* OrdersViewController.swift */ = {isa = PBXFileReference; fileEncoding = 4; lastKnownFileType = sourcecode.swift; path = OrdersViewController.swift; sourceTree = "<group>"; };
		636CC8D61B1EEFE90084CCE8 /* TabBarController.swift */ = {isa = PBXFileReference; fileEncoding = 4; lastKnownFileType = sourcecode.swift; path = TabBarController.swift; sourceTree = "<group>"; };
		636F75131B7E973A00A8C1E8 /* BubbleView.swift */ = {isa = PBXFileReference; fileEncoding = 4; lastKnownFileType = sourcecode.swift; path = BubbleView.swift; sourceTree = "<group>"; };
		636F75151B7E9A0C00A8C1E8 /* AnnotationObject.swift */ = {isa = PBXFileReference; fileEncoding = 4; lastKnownFileType = sourcecode.swift; path = AnnotationObject.swift; sourceTree = "<group>"; };
		6382F0981BDF23EE002C9C6B /* ReceiptViewController.swift */ = {isa = PBXFileReference; fileEncoding = 4; lastKnownFileType = sourcecode.swift; path = ReceiptViewController.swift; sourceTree = "<group>"; };
		6382F09A1BDF7007002C9C6B /* fhoodie.swift */ = {isa = PBXFileReference; fileEncoding = 4; lastKnownFileType = sourcecode.swift; path = fhoodie.swift; sourceTree = "<group>"; };
		6382F09C1BE0ABC0002C9C6B /* DetailViewController.swift */ = {isa = PBXFileReference; fileEncoding = 4; lastKnownFileType = sourcecode.swift; path = DetailViewController.swift; sourceTree = "<group>"; };
		638654121B65A81A000DFC5E /* OrderedViewController.swift */ = {isa = PBXFileReference; fileEncoding = 4; lastKnownFileType = sourcecode.swift; path = OrderedViewController.swift; sourceTree = "<group>"; };
		63936FDB1BF6B0CC00970926 /* ProfileViewController.swift */ = {isa = PBXFileReference; fileEncoding = 4; lastKnownFileType = sourcecode.swift; path = ProfileViewController.swift; sourceTree = "<group>"; };
		63936FDD1BF6B49700970926 /* EmailViewController.swift */ = {isa = PBXFileReference; fileEncoding = 4; lastKnownFileType = sourcecode.swift; path = EmailViewController.swift; sourceTree = "<group>"; };
		63936FDF1BF6B4CA00970926 /* PhoneNumberViewController.swift */ = {isa = PBXFileReference; fileEncoding = 4; lastKnownFileType = sourcecode.swift; path = PhoneNumberViewController.swift; sourceTree = "<group>"; };
		639B46191B7E927700A001F2 /* BubbleView.xib */ = {isa = PBXFileReference; fileEncoding = 4; lastKnownFileType = file.xib; path = BubbleView.xib; sourceTree = "<group>"; };
		639C07E41C0DBA1C00850681 /* FoodPhotoViewController.swift */ = {isa = PBXFileReference; fileEncoding = 4; lastKnownFileType = sourcecode.swift; path = FoodPhotoViewController.swift; sourceTree = "<group>"; };
		639C07E61C0DBC7B00850681 /* DescriptionIngredientsViewController.swift */ = {isa = PBXFileReference; fileEncoding = 4; lastKnownFileType = sourcecode.swift; path = DescriptionIngredientsViewController.swift; sourceTree = "<group>"; };
		63A523B61BD9AC5E000D1557 /* MessageComposer.swift */ = {isa = PBXFileReference; fileEncoding = 4; lastKnownFileType = sourcecode.swift; path = MessageComposer.swift; sourceTree = "<group>"; };
		63A97FF81B3C1FDA00EEDF58 /* CollectionViewCell.swift */ = {isa = PBXFileReference; fileEncoding = 4; lastKnownFileType = sourcecode.swift; path = CollectionViewCell.swift; sourceTree = "<group>"; };
		63AD61B71B91A1C200BA1574 /* LandingViewController.swift */ = {isa = PBXFileReference; fileEncoding = 4; lastKnownFileType = sourcecode.swift; path = LandingViewController.swift; sourceTree = "<group>"; };
		63AF75501C14DAA0004E9A85 /* AboutMeViewController.swift */ = {isa = PBXFileReference; fileEncoding = 4; lastKnownFileType = sourcecode.swift; path = AboutMeViewController.swift; sourceTree = "<group>"; };
		63AF7C701BF47BA500DAFB94 /* SettingsViewController.swift */ = {isa = PBXFileReference; fileEncoding = 4; lastKnownFileType = sourcecode.swift; path = SettingsViewController.swift; sourceTree = "<group>"; };
		63B329C91B1FECB300077377 /* Fhood-Bridging-Header.h */ = {isa = PBXFileReference; lastKnownFileType = sourcecode.c.h; path = "Fhood-Bridging-Header.h"; sourceTree = "<group>"; };
		63B329CD1B2010AA00077377 /* AccountViewController.swift */ = {isa = PBXFileReference; fileEncoding = 4; lastKnownFileType = sourcecode.swift; path = AccountViewController.swift; sourceTree = "<group>"; };
		63B329CF1B201E9D00077377 /* PaymentViewController.swift */ = {isa = PBXFileReference; fileEncoding = 4; lastKnownFileType = sourcecode.swift; path = PaymentViewController.swift; sourceTree = "<group>"; };
		63B4560A1B5F2E4B002E1C67 /* FeaturedTableViewCell.swift */ = {isa = PBXFileReference; fileEncoding = 4; lastKnownFileType = sourcecode.swift; path = FeaturedTableViewCell.swift; sourceTree = "<group>"; };
		63BAF1991BF609AB005EAC92 /* SettingsTableViewCell.swift */ = {isa = PBXFileReference; fileEncoding = 4; lastKnownFileType = sourcecode.swift; path = SettingsTableViewCell.swift; sourceTree = "<group>"; };
		63C8302B1B0996FB0089CCFF /* Fhood.app */ = {isa = PBXFileReference; explicitFileType = wrapper.application; includeInIndex = 0; path = Fhood.app; sourceTree = BUILT_PRODUCTS_DIR; };
		63C8302F1B0996FB0089CCFF /* Info.plist */ = {isa = PBXFileReference; lastKnownFileType = text.plist.xml; path = Info.plist; sourceTree = "<group>"; };
		63C830301B0996FB0089CCFF /* AppDelegate.swift */ = {isa = PBXFileReference; lastKnownFileType = sourcecode.swift; path = AppDelegate.swift; sourceTree = "<group>"; };
		63C830321B0996FB0089CCFF /* MapViewController.swift */ = {isa = PBXFileReference; lastKnownFileType = sourcecode.swift; path = MapViewController.swift; sourceTree = "<group>"; };
		63C830341B0996FB0089CCFF /* ListViewController.swift */ = {isa = PBXFileReference; lastKnownFileType = sourcecode.swift; path = ListViewController.swift; sourceTree = "<group>"; };
		63C830371B0996FB0089CCFF /* Base */ = {isa = PBXFileReference; lastKnownFileType = file.storyboard; name = Base; path = Base.lproj/Main.storyboard; sourceTree = "<group>"; };
		63C830391B0996FB0089CCFF /* Images.xcassets */ = {isa = PBXFileReference; lastKnownFileType = folder.assetcatalog; path = Images.xcassets; sourceTree = "<group>"; };
		63C8303C1B0996FB0089CCFF /* Base */ = {isa = PBXFileReference; lastKnownFileType = file.xib; name = Base; path = Base.lproj/LaunchScreen.xib; sourceTree = "<group>"; };
		63C830421B0996FB0089CCFF /* FhoodTests.xctest */ = {isa = PBXFileReference; explicitFileType = wrapper.cfbundle; includeInIndex = 0; path = FhoodTests.xctest; sourceTree = BUILT_PRODUCTS_DIR; };
		63C830471B0996FB0089CCFF /* Info.plist */ = {isa = PBXFileReference; lastKnownFileType = text.plist.xml; path = Info.plist; sourceTree = "<group>"; };
		63C830481B0996FB0089CCFF /* FhoodTests.swift */ = {isa = PBXFileReference; lastKnownFileType = sourcecode.swift; path = FhoodTests.swift; sourceTree = "<group>"; };
		63CA0CB01BDAE9B6000BCF45 /* ItemDetailViewController.swift */ = {isa = PBXFileReference; fileEncoding = 4; lastKnownFileType = sourcecode.swift; path = ItemDetailViewController.swift; sourceTree = "<group>"; };
		63CA5CA01B3F82F1008D16A1 /* TableViewCell3.swift */ = {isa = PBXFileReference; fileEncoding = 4; lastKnownFileType = sourcecode.swift; path = TableViewCell3.swift; sourceTree = "<group>"; };
		63CA5CA31B41AF3B008D16A1 /* FilterMenu.swift */ = {isa = PBXFileReference; fileEncoding = 4; lastKnownFileType = sourcecode.swift; path = FilterMenu.swift; sourceTree = "<group>"; };
		63CA5CA61B425119008D16A1 /* FhooderViewController.swift */ = {isa = PBXFileReference; fileEncoding = 4; lastKnownFileType = sourcecode.swift; path = FhooderViewController.swift; sourceTree = "<group>"; };
		63CB95231B945714005815E7 /* OrdersTableViewCell.swift */ = {isa = PBXFileReference; fileEncoding = 4; lastKnownFileType = sourcecode.swift; path = OrdersTableViewCell.swift; sourceTree = "<group>"; };
		63D8D72D1B25E41C0016D33D /* HistoryViewController.swift */ = {isa = PBXFileReference; fileEncoding = 4; lastKnownFileType = sourcecode.swift; path = HistoryViewController.swift; sourceTree = "<group>"; };
		63E085CE1B44AB750095C603 /* Fhooder.swift */ = {isa = PBXFileReference; fileEncoding = 4; lastKnownFileType = sourcecode.swift; path = Fhooder.swift; sourceTree = "<group>"; };
		63E5CA151C13D99100D33B25 /* AddressViewController.swift */ = {isa = PBXFileReference; fileEncoding = 4; lastKnownFileType = sourcecode.swift; path = AddressViewController.swift; sourceTree = "<group>"; };
		63EF67011BD1EFDB0068D531 /* OrdersDetailViewController.swift */ = {isa = PBXFileReference; fileEncoding = 4; lastKnownFileType = sourcecode.swift; path = OrdersDetailViewController.swift; sourceTree = "<group>"; };
		63F547471BC751B600299899 /* CookingTimeViewController.swift */ = {isa = PBXFileReference; fileEncoding = 4; lastKnownFileType = sourcecode.swift; path = CookingTimeViewController.swift; sourceTree = "<group>"; };
		63F70A2C1B5A3CE200A2D618 /* FinalViewController.swift */ = {isa = PBXFileReference; fileEncoding = 4; lastKnownFileType = sourcecode.swift; path = FinalViewController.swift; sourceTree = "<group>"; };
		63F70A2E1B5B6F2700A2D618 /* fhooderOne.swift */ = {isa = PBXFileReference; fileEncoding = 4; lastKnownFileType = sourcecode.swift; path = fhooderOne.swift; sourceTree = "<group>"; };
		63F70A301B5B720C00A2D618 /* fhooderTwo.swift */ = {isa = PBXFileReference; fileEncoding = 4; lastKnownFileType = sourcecode.swift; path = fhooderTwo.swift; sourceTree = "<group>"; };
		63F70A321B5B763B00A2D618 /* fhooderThree.swift */ = {isa = PBXFileReference; fileEncoding = 4; lastKnownFileType = sourcecode.swift; path = fhooderThree.swift; sourceTree = "<group>"; };
		63F70A341B5B764800A2D618 /* fhooderFour.swift */ = {isa = PBXFileReference; fileEncoding = 4; lastKnownFileType = sourcecode.swift; path = fhooderFour.swift; sourceTree = "<group>"; };
		63F70A361B5B765300A2D618 /* fhooderFive.swift */ = {isa = PBXFileReference; fileEncoding = 4; lastKnownFileType = sourcecode.swift; path = fhooderFive.swift; sourceTree = "<group>"; };
		63F70A381B5B765E00A2D618 /* fhooderSix.swift */ = {isa = PBXFileReference; fileEncoding = 4; lastKnownFileType = sourcecode.swift; path = fhooderSix.swift; sourceTree = "<group>"; };
		63F70A3A1B5B766900A2D618 /* fhooderSeven.swift */ = {isa = PBXFileReference; fileEncoding = 4; lastKnownFileType = sourcecode.swift; path = fhooderSeven.swift; sourceTree = "<group>"; };
		63F70A3C1B5B767500A2D618 /* fhooderEight.swift */ = {isa = PBXFileReference; fileEncoding = 4; lastKnownFileType = sourcecode.swift; path = fhooderEight.swift; sourceTree = "<group>"; };
		63F70A3E1B5B768000A2D618 /* fhooderNine.swift */ = {isa = PBXFileReference; fileEncoding = 4; lastKnownFileType = sourcecode.swift; path = fhooderNine.swift; sourceTree = "<group>"; };
		63F70A401B5B768A00A2D618 /* fhooderTen.swift */ = {isa = PBXFileReference; fileEncoding = 4; lastKnownFileType = sourcecode.swift; path = fhooderTen.swift; sourceTree = "<group>"; };
		9F43E9D6DA58267BC02C4B15 /* Pods-Fhood.release.xcconfig */ = {isa = PBXFileReference; includeInIndex = 1; lastKnownFileType = text.xcconfig; name = "Pods-Fhood.release.xcconfig"; path = "Pods/Target Support Files/Pods-Fhood/Pods-Fhood.release.xcconfig"; sourceTree = "<group>"; };
/* End PBXFileReference section */

/* Begin PBXFrameworksBuildPhase section */
		63C830281B0996FB0089CCFF /* Frameworks */ = {
			isa = PBXFrameworksBuildPhase;
			buildActionMask = 2147483647;
			files = (
				4B48668B113C843C865D4100 /* Pods_Fhood.framework in Frameworks */,
			);
			runOnlyForDeploymentPostprocessing = 0;
		};
		63C8303F1B0996FB0089CCFF /* Frameworks */ = {
			isa = PBXFrameworksBuildPhase;
			buildActionMask = 2147483647;
			files = (
			);
			runOnlyForDeploymentPostprocessing = 0;
		};
/* End PBXFrameworksBuildPhase section */

/* Begin PBXGroup section */
		22E3E7B5FDC045F29AD58D5A /* Pods */ = {
			isa = PBXGroup;
			children = (
				2C5C1754B724B459109316E4 /* Pods-Fhood.debug.xcconfig */,
				9F43E9D6DA58267BC02C4B15 /* Pods-Fhood.release.xcconfig */,
			);
			name = Pods;
			sourceTree = "<group>";
		};
		3B356FD11B93E6990014AD22 /* Common */ = {
			isa = PBXGroup;
			children = (
				3BD592601B96A3B5003D26AE /* UIView+Extension.swift */,
				3B356FD21B93E6A30014AD22 /* HUD.swift */,
			);
			name = Common;
			sourceTree = "<group>";
		};
		3BF3252A1B902B4300C606D5 /* Classes */ = {
			isa = PBXGroup;
			children = (
				3B356FD11B93E6990014AD22 /* Common */,
				3BF3252D1B9036CD00C606D5 /* Views */,
				3BF3252E1B90377E00C606D5 /* Controllers */,
				3BF3252C1B9036A400C606D5 /* Model */,
				63C830301B0996FB0089CCFF /* AppDelegate.swift */,
				3B356FCD1B9284500014AD22 /* Constants.swift */,
				3B356FD51B93F1170014AD22 /* Router.swift */,
			);
			name = Classes;
			sourceTree = "<group>";
		};
		3BF3252B1B902FCF00C606D5 /* Resources */ = {
			isa = PBXGroup;
			children = (
				63C830361B0996FB0089CCFF /* Main.storyboard */,
				636CB1641B94523300674C91 /* Fhooder.storyboard */,
				3BF325321B92533700C606D5 /* Reveal.storyboard */,
				3BF91B7E1B926EC5005C9EDB /* Onboarding.storyboard */,
				63C8303B1B0996FB0089CCFF /* LaunchScreen.xib */,
				3BD592621B96A5F0003D26AE /* LaunchScreenSystem.xib */,
				639B46191B7E927700A001F2 /* BubbleView.xib */,
				63C830391B0996FB0089CCFF /* Images.xcassets */,
			);
			name = Resources;
			sourceTree = "<group>";
		};
		3BF3252C1B9036A400C606D5 /* Model */ = {
			isa = PBXGroup;
			children = (
				3B356FCF1B93DEE70014AD22 /* User.swift */,
				636F75151B7E9A0C00A8C1E8 /* AnnotationObject.swift */,
				63E085CE1B44AB750095C603 /* Fhooder.swift */,
				63F70A2E1B5B6F2700A2D618 /* fhooderOne.swift */,
				63F70A301B5B720C00A2D618 /* fhooderTwo.swift */,
				63F70A321B5B763B00A2D618 /* fhooderThree.swift */,
				63F70A341B5B764800A2D618 /* fhooderFour.swift */,
				63F70A361B5B765300A2D618 /* fhooderFive.swift */,
				63F70A381B5B765E00A2D618 /* fhooderSix.swift */,
				63F70A3A1B5B766900A2D618 /* fhooderSeven.swift */,
				63F70A3C1B5B767500A2D618 /* fhooderEight.swift */,
				63F70A3E1B5B768000A2D618 /* fhooderNine.swift */,
				63F70A401B5B768A00A2D618 /* fhooderTen.swift */,
				6382F09A1BDF7007002C9C6B /* fhoodie.swift */,
			);
			name = Model;
			sourceTree = "<group>";
		};
		3BF3252D1B9036CD00C606D5 /* Views */ = {
			isa = PBXGroup;
			children = (
				3BC061281BA600EC000614E8 /* BubbleBackgroundView.swift */,
				636F75131B7E973A00A8C1E8 /* BubbleView.swift */,
				63A97FF81B3C1FDA00EEDF58 /* CollectionViewCell.swift */,
				63B4560A1B5F2E4B002E1C67 /* FeaturedTableViewCell.swift */,
				63CA5CA31B41AF3B008D16A1 /* FilterMenu.swift */,
				63611A6C1B5EFE69004BDDCF /* ListTableViewCell.swift */,
				636CB16C1B94530600674C91 /* ManageCollectionViewCell.swift */,
				636CB16D1B94530600674C91 /* ManageTableViewCell.swift */,
				3BB130D81BB720B7009204D5 /* MapView.swift */,
				63CB95231B945714005815E7 /* OrdersTableViewCell.swift */,
				63CA5CA01B3F82F1008D16A1 /* TableViewCell3.swift */,
				63A523B61BD9AC5E000D1557 /* MessageComposer.swift */,
				63BAF1991BF609AB005EAC92 /* SettingsTableViewCell.swift */,
				63331AFA1C0C08B300C4E44A /* NutritionalInfoCell.swift */,
			);
			name = Views;
			sourceTree = "<group>";
		};
		3BF3252E1B90377E00C606D5 /* Controllers */ = {
			isa = PBXGroup;
			children = (
				63936A571BA80EB000D90CDF /* Fhooder */,
				3BF91B7D1B9269B0005C9EDB /* Onboarding */,
				3BF3252F1B92522000C606D5 /* Reveal */,
				636CC8D61B1EEFE90084CCE8 /* TabBarController.swift */,
				63C830321B0996FB0089CCFF /* MapViewController.swift */,
				63C830341B0996FB0089CCFF /* ListViewController.swift */,
				630609DE1B0AFC4400DAA7B4 /* FeaturedViewController.swift */,
				630609E01B0AFC5B00DAA7B4 /* MoreViewController.swift */,
				638654121B65A81A000DFC5E /* OrderedViewController.swift */,
				63F70A2C1B5A3CE200A2D618 /* FinalViewController.swift */,
				6333769A1B5845FD00F7D846 /* RateViewController.swift */,
				633376981B582CB400F7D846 /* ConfirmViewController.swift */,
				6363759D1B533A1C00BBE93B /* DirectionViewController.swift */,
				63CA5CA61B425119008D16A1 /* FhooderViewController.swift */,
				6382F09C1BE0ABC0002C9C6B /* DetailViewController.swift */,
				6382F0981BDF23EE002C9C6B /* ReceiptViewController.swift */,
			);
			name = Controllers;
			sourceTree = "<group>";
		};
		3BF3252F1B92522000C606D5 /* Reveal */ = {
			isa = PBXGroup;
			children = (
				63B329CD1B2010AA00077377 /* AccountViewController.swift */,
				63D8D72D1B25E41C0016D33D /* HistoryViewController.swift */,
				63B329CF1B201E9D00077377 /* PaymentViewController.swift */,
				63AF7C701BF47BA500DAFB94 /* SettingsViewController.swift */,
				63936FDB1BF6B0CC00970926 /* ProfileViewController.swift */,
				63936FDD1BF6B49700970926 /* EmailViewController.swift */,
				63936FDF1BF6B4CA00970926 /* PhoneNumberViewController.swift */,
				631DD3471BFA5F4E006C5BBF /* PromoViewController.swift */,
				6301DF751C02988100314323 /* PhotoViewController.swift */,
				63E5CA151C13D99100D33B25 /* AddressViewController.swift */,
				63AF75501C14DAA0004E9A85 /* AboutMeViewController.swift */,
				634F3BB51C062A5F00344A09 /* SignUpViewController.swift */,
			);
			name = Reveal;
			sourceTree = "<group>";
		};
		3BF91B7D1B9269B0005C9EDB /* Onboarding */ = {
			isa = PBXGroup;
			children = (
				3B356FD91B940C240014AD22 /* LaunchViewController.swift */,
				63AD61B71B91A1C200BA1574 /* LandingViewController.swift */,
				3B356FCB1B9275670014AD22 /* OnboardingViewController.swift */,
			);
			name = Onboarding;
			sourceTree = "<group>";
		};
		5D19B0B3E987BD482D130E6E /* Frameworks */ = {
			isa = PBXGroup;
			children = (
				5375D2D72D37953E50C8C6F7 /* Pods_Fhood.framework */,
			);
			name = Frameworks;
			sourceTree = "<group>";
		};
		63936A571BA80EB000D90CDF /* Fhooder */ = {
			isa = PBXGroup;
			children = (
				63F547471BC751B600299899 /* CookingTimeViewController.swift */,
				636CB1681B9452D100674C91 /* FhooderTabBarController.swift */,
				636CB16A1B9452FC00674C91 /* ManageViewController.swift */,
				636CB1701B94536400674C91 /* OrdersViewController.swift */,
				63EF67011BD1EFDB0068D531 /* OrdersDetailViewController.swift */,
				636CB1661B9452A700674C91 /* FhooderMoreViewController.swift */,
				630306C11BD8694D002C5B0F /* CancelOrdersViewController.swift */,
				63CA0CB01BDAE9B6000BCF45 /* ItemDetailViewController.swift */,
				63331AF81C0A842C00C4E44A /* AddItemViewController.swift */,
				639C07E41C0DBA1C00850681 /* FoodPhotoViewController.swift */,
				639C07E61C0DBC7B00850681 /* DescriptionIngredientsViewController.swift */,
				63137FCD1C2153640017DFF5 /* AboutFhooderViewController.swift */,
			);
			name = Fhooder;
			sourceTree = "<group>";
		};
		63C830221B0996FB0089CCFF = {
			isa = PBXGroup;
			children = (
				63C8302D1B0996FB0089CCFF /* Fhood */,
				63C830451B0996FB0089CCFF /* FhoodTests */,
				63C8302C1B0996FB0089CCFF /* Products */,
				22E3E7B5FDC045F29AD58D5A /* Pods */,
				5D19B0B3E987BD482D130E6E /* Frameworks */,
			);
			sourceTree = "<group>";
		};
		63C8302C1B0996FB0089CCFF /* Products */ = {
			isa = PBXGroup;
			children = (
				63C8302B1B0996FB0089CCFF /* Fhood.app */,
				63C830421B0996FB0089CCFF /* FhoodTests.xctest */,
			);
			name = Products;
			sourceTree = "<group>";
		};
		63C8302D1B0996FB0089CCFF /* Fhood */ = {
			isa = PBXGroup;
			children = (
				3BF3252A1B902B4300C606D5 /* Classes */,
				3BF3252B1B902FCF00C606D5 /* Resources */,
				63C8302E1B0996FB0089CCFF /* Supporting Files */,
			);
			path = Fhood;
			sourceTree = "<group>";
		};
		63C8302E1B0996FB0089CCFF /* Supporting Files */ = {
			isa = PBXGroup;
			children = (
				63C8302F1B0996FB0089CCFF /* Info.plist */,
				63B329C91B1FECB300077377 /* Fhood-Bridging-Header.h */,
			);
			name = "Supporting Files";
			sourceTree = "<group>";
		};
		63C830451B0996FB0089CCFF /* FhoodTests */ = {
			isa = PBXGroup;
			children = (
				63C830481B0996FB0089CCFF /* FhoodTests.swift */,
				63C830461B0996FB0089CCFF /* Supporting Files */,
			);
			path = FhoodTests;
			sourceTree = "<group>";
		};
		63C830461B0996FB0089CCFF /* Supporting Files */ = {
			isa = PBXGroup;
			children = (
				63C830471B0996FB0089CCFF /* Info.plist */,
			);
			name = "Supporting Files";
			sourceTree = "<group>";
		};
/* End PBXGroup section */

/* Begin PBXNativeTarget section */
		63C8302A1B0996FB0089CCFF /* Fhood */ = {
			isa = PBXNativeTarget;
			buildConfigurationList = 63C8304C1B0996FB0089CCFF /* Build configuration list for PBXNativeTarget "Fhood" */;
			buildPhases = (
				E08C86AD0750EA9377C8AFA4 /* Check Pods Manifest.lock */,
				63C830271B0996FB0089CCFF /* Sources */,
				63C830281B0996FB0089CCFF /* Frameworks */,
				63C830291B0996FB0089CCFF /* Resources */,
				C57053D14EFF1045A6F0B72B /* Embed Pods Frameworks */,
				5B678BDCB51425C621AA04B6 /* Copy Pods Resources */,
			);
			buildRules = (
			);
			dependencies = (
			);
			name = Fhood;
			productName = Fhood;
			productReference = 63C8302B1B0996FB0089CCFF /* Fhood.app */;
			productType = "com.apple.product-type.application";
		};
		63C830411B0996FB0089CCFF /* FhoodTests */ = {
			isa = PBXNativeTarget;
			buildConfigurationList = 63C8304F1B0996FB0089CCFF /* Build configuration list for PBXNativeTarget "FhoodTests" */;
			buildPhases = (
				63C8303E1B0996FB0089CCFF /* Sources */,
				63C8303F1B0996FB0089CCFF /* Frameworks */,
				63C830401B0996FB0089CCFF /* Resources */,
			);
			buildRules = (
			);
			dependencies = (
				63C830441B0996FB0089CCFF /* PBXTargetDependency */,
			);
			name = FhoodTests;
			productName = FhoodTests;
			productReference = 63C830421B0996FB0089CCFF /* FhoodTests.xctest */;
			productType = "com.apple.product-type.bundle.unit-test";
		};
/* End PBXNativeTarget section */

/* Begin PBXProject section */
		63C830231B0996FB0089CCFF /* Project object */ = {
			isa = PBXProject;
			attributes = {
				LastSwiftMigration = 0700;
				LastSwiftUpdateCheck = 0700;
				LastUpgradeCheck = 0700;
				ORGANIZATIONNAME = "YOUNG&YOUM";
				TargetAttributes = {
					63C8302A1B0996FB0089CCFF = {
						CreatedOnToolsVersion = 6.3.1;
						DevelopmentTeam = Z3A283N666;
					};
					63C830411B0996FB0089CCFF = {
						CreatedOnToolsVersion = 6.3.1;
						TestTargetID = 63C8302A1B0996FB0089CCFF;
					};
				};
			};
			buildConfigurationList = 63C830261B0996FB0089CCFF /* Build configuration list for PBXProject "Fhood" */;
			compatibilityVersion = "Xcode 3.2";
			developmentRegion = English;
			hasScannedForEncodings = 0;
			knownRegions = (
				en,
				Base,
			);
			mainGroup = 63C830221B0996FB0089CCFF;
			productRefGroup = 63C8302C1B0996FB0089CCFF /* Products */;
			projectDirPath = "";
			projectRoot = "";
			targets = (
				63C8302A1B0996FB0089CCFF /* Fhood */,
				63C830411B0996FB0089CCFF /* FhoodTests */,
			);
		};
/* End PBXProject section */

/* Begin PBXResourcesBuildPhase section */
		63C830291B0996FB0089CCFF /* Resources */ = {
			isa = PBXResourcesBuildPhase;
			buildActionMask = 2147483647;
			files = (
				63C830381B0996FB0089CCFF /* Main.storyboard in Resources */,
				3BD592641B96A5F0003D26AE /* LaunchScreenSystem.xib in Resources */,
				63C8303D1B0996FB0089CCFF /* LaunchScreen.xib in Resources */,
				639B461A1B7E927700A001F2 /* BubbleView.xib in Resources */,
				3BF91B7F1B926EC5005C9EDB /* Onboarding.storyboard in Resources */,
				63C8303A1B0996FB0089CCFF /* Images.xcassets in Resources */,
				636CB1651B94523300674C91 /* Fhooder.storyboard in Resources */,
				3BF325331B92533700C606D5 /* Reveal.storyboard in Resources */,
			);
			runOnlyForDeploymentPostprocessing = 0;
		};
		63C830401B0996FB0089CCFF /* Resources */ = {
			isa = PBXResourcesBuildPhase;
			buildActionMask = 2147483647;
			files = (
			);
			runOnlyForDeploymentPostprocessing = 0;
		};
/* End PBXResourcesBuildPhase section */

/* Begin PBXShellScriptBuildPhase section */
		5B678BDCB51425C621AA04B6 /* Copy Pods Resources */ = {
			isa = PBXShellScriptBuildPhase;
			buildActionMask = 2147483647;
			files = (
			);
			inputPaths = (
			);
			name = "Copy Pods Resources";
			outputPaths = (
			);
			runOnlyForDeploymentPostprocessing = 0;
			shellPath = /bin/sh;
			shellScript = "\"${SRCROOT}/Pods/Target Support Files/Pods-Fhood/Pods-Fhood-resources.sh\"\n";
			showEnvVarsInLog = 0;
		};
		C57053D14EFF1045A6F0B72B /* Embed Pods Frameworks */ = {
			isa = PBXShellScriptBuildPhase;
			buildActionMask = 2147483647;
			files = (
			);
			inputPaths = (
			);
			name = "Embed Pods Frameworks";
			outputPaths = (
			);
			runOnlyForDeploymentPostprocessing = 0;
			shellPath = /bin/sh;
			shellScript = "\"${SRCROOT}/Pods/Target Support Files/Pods-Fhood/Pods-Fhood-frameworks.sh\"\n";
			showEnvVarsInLog = 0;
		};
		E08C86AD0750EA9377C8AFA4 /* Check Pods Manifest.lock */ = {
			isa = PBXShellScriptBuildPhase;
			buildActionMask = 2147483647;
			files = (
			);
			inputPaths = (
			);
			name = "Check Pods Manifest.lock";
			outputPaths = (
			);
			runOnlyForDeploymentPostprocessing = 0;
			shellPath = /bin/sh;
			shellScript = "diff \"${PODS_ROOT}/../Podfile.lock\" \"${PODS_ROOT}/Manifest.lock\" > /dev/null\nif [[ $? != 0 ]] ; then\n    cat << EOM\nerror: The sandbox is not in sync with the Podfile.lock. Run 'pod install' or update your CocoaPods installation.\nEOM\n    exit 1\nfi\n";
			showEnvVarsInLog = 0;
		};
/* End PBXShellScriptBuildPhase section */

/* Begin PBXSourcesBuildPhase section */
		63C830271B0996FB0089CCFF /* Sources */ = {
			isa = PBXSourcesBuildPhase;
			buildActionMask = 2147483647;
			files = (
				634F3BB61C062A5F00344A09 /* SignUpViewController.swift in Sources */,
				631DD3481BFA5F4E006C5BBF /* PromoViewController.swift in Sources */,
				63AF7C711BF47BA500DAFB94 /* SettingsViewController.swift in Sources */,
				630609E11B0AFC5B00DAA7B4 /* MoreViewController.swift in Sources */,
				63B329CE1B2010AA00077377 /* AccountViewController.swift in Sources */,
				63CB95241B945714005815E7 /* OrdersTableViewCell.swift in Sources */,
				63F70A331B5B763B00A2D618 /* fhooderThree.swift in Sources */,
				63E5CA161C13D99100D33B25 /* AddressViewController.swift in Sources */,
				3BD592611B96A3B5003D26AE /* UIView+Extension.swift in Sources */,
				3BC061291BA600EC000614E8 /* BubbleBackgroundView.swift in Sources */,
				6382F0991BDF23EE002C9C6B /* ReceiptViewController.swift in Sources */,
				63F547481BC751B600299899 /* CookingTimeViewController.swift in Sources */,
				63F70A2F1B5B6F2700A2D618 /* fhooderOne.swift in Sources */,
				636CB1691B9452D100674C91 /* FhooderTabBarController.swift in Sources */,
				63137FCE1C2153640017DFF5 /* AboutFhooderViewController.swift in Sources */,
				63F70A411B5B768A00A2D618 /* fhooderTen.swift in Sources */,
				63F70A2D1B5A3CE200A2D618 /* FinalViewController.swift in Sources */,
				63F70A391B5B765E00A2D618 /* fhooderSix.swift in Sources */,
				633376991B582CB400F7D846 /* ConfirmViewController.swift in Sources */,
				636CB1671B9452A700674C91 /* FhooderMoreViewController.swift in Sources */,
				636F75161B7E9A0C00A8C1E8 /* AnnotationObject.swift in Sources */,
				3B356FD61B93F1170014AD22 /* Router.swift in Sources */,
				6382F09B1BDF7007002C9C6B /* fhoodie.swift in Sources */,
				636CC8D71B1EEFE90084CCE8 /* TabBarController.swift in Sources */,
				630306C21BD8694D002C5B0F /* CancelOrdersViewController.swift in Sources */,
				63936FDC1BF6B0CC00970926 /* ProfileViewController.swift in Sources */,
				636CB16B1B9452FC00674C91 /* ManageViewController.swift in Sources */,
				6363759E1B533A1C00BBE93B /* DirectionViewController.swift in Sources */,
				63E085CF1B44AB750095C603 /* Fhooder.swift in Sources */,
				63936FDE1BF6B49700970926 /* EmailViewController.swift in Sources */,
				639C07E71C0DBC7B00850681 /* DescriptionIngredientsViewController.swift in Sources */,
				63C830351B0996FB0089CCFF /* ListViewController.swift in Sources */,
				63C830311B0996FB0089CCFF /* AppDelegate.swift in Sources */,
				63CA5CA11B3F82F1008D16A1 /* TableViewCell3.swift in Sources */,
				63AD61BA1B91A1C200BA1574 /* LandingViewController.swift in Sources */,
				63AF75511C14DAA0004E9A85 /* AboutMeViewController.swift in Sources */,
				63A97FF91B3C1FDA00EEDF58 /* CollectionViewCell.swift in Sources */,
				63F70A371B5B765300A2D618 /* fhooderFive.swift in Sources */,
				636CB1711B94536400674C91 /* OrdersViewController.swift in Sources */,
				3B356FCE1B9284500014AD22 /* Constants.swift in Sources */,
				63B329D01B201E9D00077377 /* PaymentViewController.swift in Sources */,
				63F70A351B5B764800A2D618 /* fhooderFour.swift in Sources */,
				6382F09D1BE0ABC0002C9C6B /* DetailViewController.swift in Sources */,
				63F70A311B5B720C00A2D618 /* fhooderTwo.swift in Sources */,
				3B356FCC1B9275670014AD22 /* OnboardingViewController.swift in Sources */,
				63331AFB1C0C08B300C4E44A /* NutritionalInfoCell.swift in Sources */,
				63F70A3F1B5B768000A2D618 /* fhooderNine.swift in Sources */,
				63BAF19A1BF609AB005EAC92 /* SettingsTableViewCell.swift in Sources */,
				630609DF1B0AFC4400DAA7B4 /* FeaturedViewController.swift in Sources */,
				63C830331B0996FB0089CCFF /* MapViewController.swift in Sources */,
				63EF67021BD1EFDB0068D531 /* OrdersDetailViewController.swift in Sources */,
				3B356FD01B93DEE70014AD22 /* User.swift in Sources */,
				638654131B65A81A000DFC5E /* OrderedViewController.swift in Sources */,
				639C07E51C0DBA1C00850681 /* FoodPhotoViewController.swift in Sources */,
				63CA5CA51B41AF3B008D16A1 /* FilterMenu.swift in Sources */,
				63611A6D1B5EFE69004BDDCF /* ListTableViewCell.swift in Sources */,
				636CB16F1B94530600674C91 /* ManageTableViewCell.swift in Sources */,
				63CA5CA71B425119008D16A1 /* FhooderViewController.swift in Sources */,
				6333769B1B5845FD00F7D846 /* RateViewController.swift in Sources */,
				636CB16E1B94530600674C91 /* ManageCollectionViewCell.swift in Sources */,
				3BB130D91BB720B7009204D5 /* MapView.swift in Sources */,
				63936FE01BF6B4CA00970926 /* PhoneNumberViewController.swift in Sources */,
				63F70A3D1B5B767500A2D618 /* fhooderEight.swift in Sources */,
				63331AF91C0A842C00C4E44A /* AddItemViewController.swift in Sources */,
				3B356FD31B93E6A30014AD22 /* HUD.swift in Sources */,
				63B4560B1B5F2E4B002E1C67 /* FeaturedTableViewCell.swift in Sources */,
				63CA0CB11BDAE9B6000BCF45 /* ItemDetailViewController.swift in Sources */,
				63F70A3B1B5B766900A2D618 /* fhooderSeven.swift in Sources */,
				63D8D72E1B25E41C0016D33D /* HistoryViewController.swift in Sources */,
				3B356FDA1B940C240014AD22 /* LaunchViewController.swift in Sources */,
				636F75141B7E973A00A8C1E8 /* BubbleView.swift in Sources */,
				63A523B71BD9AC5E000D1557 /* MessageComposer.swift in Sources */,
				6301DF761C02988100314323 /* PhotoViewController.swift in Sources */,
			);
			runOnlyForDeploymentPostprocessing = 0;
		};
		63C8303E1B0996FB0089CCFF /* Sources */ = {
			isa = PBXSourcesBuildPhase;
			buildActionMask = 2147483647;
			files = (
				63C830491B0996FB0089CCFF /* FhoodTests.swift in Sources */,
			);
			runOnlyForDeploymentPostprocessing = 0;
		};
/* End PBXSourcesBuildPhase section */

/* Begin PBXTargetDependency section */
		63C830441B0996FB0089CCFF /* PBXTargetDependency */ = {
			isa = PBXTargetDependency;
			target = 63C8302A1B0996FB0089CCFF /* Fhood */;
			targetProxy = 63C830431B0996FB0089CCFF /* PBXContainerItemProxy */;
		};
/* End PBXTargetDependency section */

/* Begin PBXVariantGroup section */
		3BD592621B96A5F0003D26AE /* LaunchScreenSystem.xib */ = {
			isa = PBXVariantGroup;
			children = (
				3BD592631B96A5F0003D26AE /* Base */,
			);
			name = LaunchScreenSystem.xib;
			sourceTree = "<group>";
		};
		63C830361B0996FB0089CCFF /* Main.storyboard */ = {
			isa = PBXVariantGroup;
			children = (
				63C830371B0996FB0089CCFF /* Base */,
			);
			name = Main.storyboard;
			sourceTree = "<group>";
		};
		63C8303B1B0996FB0089CCFF /* LaunchScreen.xib */ = {
			isa = PBXVariantGroup;
			children = (
				63C8303C1B0996FB0089CCFF /* Base */,
			);
			name = LaunchScreen.xib;
			sourceTree = "<group>";
		};
/* End PBXVariantGroup section */

/* Begin XCBuildConfiguration section */
		63C8304A1B0996FB0089CCFF /* Debug */ = {
			isa = XCBuildConfiguration;
			buildSettings = {
				ALWAYS_SEARCH_USER_PATHS = NO;
				CLANG_CXX_LANGUAGE_STANDARD = "gnu++0x";
				CLANG_CXX_LIBRARY = "libc++";
				CLANG_ENABLE_MODULES = YES;
				CLANG_ENABLE_OBJC_ARC = YES;
				CLANG_WARN_BOOL_CONVERSION = YES;
				CLANG_WARN_CONSTANT_CONVERSION = YES;
				CLANG_WARN_DIRECT_OBJC_ISA_USAGE = YES_ERROR;
				CLANG_WARN_EMPTY_BODY = YES;
				CLANG_WARN_ENUM_CONVERSION = YES;
				CLANG_WARN_INT_CONVERSION = YES;
				CLANG_WARN_OBJC_ROOT_CLASS = YES_ERROR;
				CLANG_WARN_UNREACHABLE_CODE = YES;
				CLANG_WARN__DUPLICATE_METHOD_MATCH = YES;
				"CODE_SIGN_IDENTITY[sdk=iphoneos*]" = "iPhone Developer";
				COPY_PHASE_STRIP = NO;
				DEBUG_INFORMATION_FORMAT = "dwarf-with-dsym";
				ENABLE_STRICT_OBJC_MSGSEND = YES;
				ENABLE_TESTABILITY = YES;
				GCC_C_LANGUAGE_STANDARD = gnu99;
				GCC_DYNAMIC_NO_PIC = NO;
				GCC_NO_COMMON_BLOCKS = YES;
				GCC_OPTIMIZATION_LEVEL = 0;
				GCC_PREPROCESSOR_DEFINITIONS = (
					"DEBUG=1",
					"$(inherited)",
				);
				GCC_SYMBOLS_PRIVATE_EXTERN = NO;
				GCC_WARN_64_TO_32_BIT_CONVERSION = YES;
				GCC_WARN_ABOUT_RETURN_TYPE = YES_ERROR;
				GCC_WARN_UNDECLARED_SELECTOR = YES;
				GCC_WARN_UNINITIALIZED_AUTOS = YES_AGGRESSIVE;
				GCC_WARN_UNUSED_FUNCTION = YES;
				GCC_WARN_UNUSED_VARIABLE = YES;
				INFOPLIST_FILE = "";
				IPHONEOS_DEPLOYMENT_TARGET = 9.0;
				MTL_ENABLE_DEBUG_INFO = YES;
				ONLY_ACTIVE_ARCH = YES;
				SDKROOT = iphoneos;
				SWIFT_OPTIMIZATION_LEVEL = "-Onone";
			};
			name = Debug;
		};
		63C8304B1B0996FB0089CCFF /* Release */ = {
			isa = XCBuildConfiguration;
			buildSettings = {
				ALWAYS_SEARCH_USER_PATHS = NO;
				CLANG_CXX_LANGUAGE_STANDARD = "gnu++0x";
				CLANG_CXX_LIBRARY = "libc++";
				CLANG_ENABLE_MODULES = YES;
				CLANG_ENABLE_OBJC_ARC = YES;
				CLANG_WARN_BOOL_CONVERSION = YES;
				CLANG_WARN_CONSTANT_CONVERSION = YES;
				CLANG_WARN_DIRECT_OBJC_ISA_USAGE = YES_ERROR;
				CLANG_WARN_EMPTY_BODY = YES;
				CLANG_WARN_ENUM_CONVERSION = YES;
				CLANG_WARN_INT_CONVERSION = YES;
				CLANG_WARN_OBJC_ROOT_CLASS = YES_ERROR;
				CLANG_WARN_UNREACHABLE_CODE = YES;
				CLANG_WARN__DUPLICATE_METHOD_MATCH = YES;
				"CODE_SIGN_IDENTITY[sdk=iphoneos*]" = "iPhone Developer";
				COPY_PHASE_STRIP = NO;
				DEBUG_INFORMATION_FORMAT = "dwarf-with-dsym";
				ENABLE_NS_ASSERTIONS = NO;
				ENABLE_STRICT_OBJC_MSGSEND = YES;
				"FRAMEWORK_SEARCH_PATHS[arch=*]" = "";
				GCC_C_LANGUAGE_STANDARD = gnu99;
				GCC_NO_COMMON_BLOCKS = YES;
				GCC_WARN_64_TO_32_BIT_CONVERSION = YES;
				GCC_WARN_ABOUT_RETURN_TYPE = YES_ERROR;
				GCC_WARN_UNDECLARED_SELECTOR = YES;
				GCC_WARN_UNINITIALIZED_AUTOS = YES_AGGRESSIVE;
				GCC_WARN_UNUSED_FUNCTION = YES;
				GCC_WARN_UNUSED_VARIABLE = YES;
				INFOPLIST_FILE = "";
				IPHONEOS_DEPLOYMENT_TARGET = 9.0;
				MTL_ENABLE_DEBUG_INFO = NO;
				SDKROOT = iphoneos;
				VALIDATE_PRODUCT = YES;
			};
			name = Release;
		};
		63C8304D1B0996FB0089CCFF /* Debug */ = {
			isa = XCBuildConfiguration;
			baseConfigurationReference = 2C5C1754B724B459109316E4 /* Pods-Fhood.debug.xcconfig */;
			buildSettings = {
				ASSETCATALOG_COMPILER_APPICON_NAME = AppIcon;
				CLANG_ENABLE_MODULES = YES;
				CODE_SIGN_IDENTITY = "iPhone Developer";
				ENABLE_BITCODE = NO;
				INFOPLIST_FILE = Fhood/Info.plist;
				IPHONEOS_DEPLOYMENT_TARGET = 9.0;
				LD_RUNPATH_SEARCH_PATHS = "$(inherited) @executable_path/Frameworks";
				PRODUCT_BUNDLE_IDENTIFIER = com.fhood;
				PRODUCT_NAME = "$(TARGET_NAME)";
				SWIFT_OBJC_BRIDGING_HEADER = "Fhood/Fhood-Bridging-Header.h";
				SWIFT_OPTIMIZATION_LEVEL = "-Onone";
			};
			name = Debug;
		};
		63C8304E1B0996FB0089CCFF /* Release */ = {
			isa = XCBuildConfiguration;
			baseConfigurationReference = 9F43E9D6DA58267BC02C4B15 /* Pods-Fhood.release.xcconfig */;
			buildSettings = {
				ASSETCATALOG_COMPILER_APPICON_NAME = AppIcon;
				CLANG_ENABLE_MODULES = YES;
				CODE_SIGN_IDENTITY = "iPhone Developer";
				ENABLE_BITCODE = NO;
				INFOPLIST_FILE = Fhood/Info.plist;
				IPHONEOS_DEPLOYMENT_TARGET = 9.0;
				LD_RUNPATH_SEARCH_PATHS = "$(inherited) @executable_path/Frameworks";
				PRODUCT_BUNDLE_IDENTIFIER = com.fhood;
				PRODUCT_NAME = "$(TARGET_NAME)";
				SWIFT_OBJC_BRIDGING_HEADER = "Fhood/Fhood-Bridging-Header.h";
			};
			name = Release;
		};
		63C830501B0996FB0089CCFF /* Debug */ = {
			isa = XCBuildConfiguration;
			buildSettings = {
				BUNDLE_LOADER = "$(TEST_HOST)";
				FRAMEWORK_SEARCH_PATHS = "";
				GCC_PREPROCESSOR_DEFINITIONS = (
					"DEBUG=1",
					"$(inherited)",
				);
				INFOPLIST_FILE = FhoodTests/Info.plist;
				IPHONEOS_DEPLOYMENT_TARGET = 8.4;
				LD_RUNPATH_SEARCH_PATHS = "$(inherited) @executable_path/Frameworks @loader_path/Frameworks";
				PRODUCT_BUNDLE_IDENTIFIER = com.Fhood;
				PRODUCT_NAME = "$(TARGET_NAME)";
				SDKROOT = iphoneos;
				TEST_HOST = "$(BUILT_PRODUCTS_DIR)/Fhood.app/Fhood";
			};
			name = Debug;
		};
		63C830511B0996FB0089CCFF /* Release */ = {
			isa = XCBuildConfiguration;
			buildSettings = {
				BUNDLE_LOADER = "$(TEST_HOST)";
				FRAMEWORK_SEARCH_PATHS = "";
				INFOPLIST_FILE = FhoodTests/Info.plist;
				IPHONEOS_DEPLOYMENT_TARGET = 8.4;
				LD_RUNPATH_SEARCH_PATHS = "$(inherited) @executable_path/Frameworks @loader_path/Frameworks";
				PRODUCT_BUNDLE_IDENTIFIER = com.Fhood;
				PRODUCT_NAME = "$(TARGET_NAME)";
				SDKROOT = iphoneos;
				TEST_HOST = "$(BUILT_PRODUCTS_DIR)/Fhood.app/Fhood";
			};
			name = Release;
		};
/* End XCBuildConfiguration section */

/* Begin XCConfigurationList section */
		63C830261B0996FB0089CCFF /* Build configuration list for PBXProject "Fhood" */ = {
			isa = XCConfigurationList;
			buildConfigurations = (
				63C8304A1B0996FB0089CCFF /* Debug */,
				63C8304B1B0996FB0089CCFF /* Release */,
			);
			defaultConfigurationIsVisible = 0;
			defaultConfigurationName = Release;
		};
		63C8304C1B0996FB0089CCFF /* Build configuration list for PBXNativeTarget "Fhood" */ = {
			isa = XCConfigurationList;
			buildConfigurations = (
				63C8304D1B0996FB0089CCFF /* Debug */,
				63C8304E1B0996FB0089CCFF /* Release */,
			);
			defaultConfigurationIsVisible = 0;
			defaultConfigurationName = Release;
		};
		63C8304F1B0996FB0089CCFF /* Build configuration list for PBXNativeTarget "FhoodTests" */ = {
			isa = XCConfigurationList;
			buildConfigurations = (
				63C830501B0996FB0089CCFF /* Debug */,
				63C830511B0996FB0089CCFF /* Release */,
			);
			defaultConfigurationIsVisible = 0;
			defaultConfigurationName = Release;
		};
/* End XCConfigurationList section */
	};
	rootObject = 63C830231B0996FB0089CCFF /* Project object */;
}
